// !$*UTF8*$!
{
	archiveVersion = 1;
	classes = {
	};
	objectVersion = 46;
	objects = {

/* Begin PBXBuildFile section */
		840DB805187FA3B900D7D1F8 /* button-found-it.png in Resources */ = {isa = PBXBuildFile; fileRef = 840DB802187FA3B900D7D1F8 /* button-found-it.png */; };
		840DB806187FA3B900D7D1F8 /* button-help-find.png in Resources */ = {isa = PBXBuildFile; fileRef = 840DB803187FA3B900D7D1F8 /* button-help-find.png */; };
		840DB807187FA3B900D7D1F8 /* button-i-agree.png in Resources */ = {isa = PBXBuildFile; fileRef = 840DB804187FA3B900D7D1F8 /* button-i-agree.png */; };
		840DB809187FA59600D7D1F8 /* BRAND-01.png in Resources */ = {isa = PBXBuildFile; fileRef = 840DB808187FA59600D7D1F8 /* BRAND-01.png */; };
		842CB972187FA0D7009C9C82 /* complete2.png in Resources */ = {isa = PBXBuildFile; fileRef = 842CB971187FA0D7009C9C82 /* complete2.png */; };
		842CB98F187FA0EF009C9C82 /* a-gift.png in Resources */ = {isa = PBXBuildFile; fileRef = 842CB974187FA0EF009C9C82 /* a-gift.png */; };
		842CB990187FA0EF009C9C82 /* Bell tree.mp3 in Resources */ = {isa = PBXBuildFile; fileRef = 842CB975187FA0EF009C9C82 /* Bell tree.mp3 */; };
		842CB991187FA0EF009C9C82 /* booth.png in Resources */ = {isa = PBXBuildFile; fileRef = 842CB976187FA0EF009C9C82 /* booth.png */; };
		842CB992187FA0EF009C9C82 /* black_boots.jpg in Resources */ = {isa = PBXBuildFile; fileRef = 842CB978187FA0EF009C9C82 /* black_boots.jpg */; };
		842CB993187FA0EF009C9C82 /* green_boots.jpg in Resources */ = {isa = PBXBuildFile; fileRef = 842CB979187FA0EF009C9C82 /* green_boots.jpg */; };
		842CB994187FA0EF009C9C82 /* red_boots.jpg in Resources */ = {isa = PBXBuildFile; fileRef = 842CB97A187FA0EF009C9C82 /* red_boots.jpg */; };
		842CB995187FA0EF009C9C82 /* red_boots_2.jpg in Resources */ = {isa = PBXBuildFile; fileRef = 842CB97B187FA0EF009C9C82 /* red_boots_2.jpg */; };
		842CB996187FA0EF009C9C82 /* button-assistant-on-way.png in Resources */ = {isa = PBXBuildFile; fileRef = 842CB97C187FA0EF009C9C82 /* button-assistant-on-way.png */; };
		842CB997187FA0EF009C9C82 /* button-buy-now.png in Resources */ = {isa = PBXBuildFile; fileRef = 842CB97D187FA0EF009C9C82 /* button-buy-now.png */; };
		842CB998187FA0EF009C9C82 /* button-call-assistant.png in Resources */ = {isa = PBXBuildFile; fileRef = 842CB97E187FA0EF009C9C82 /* button-call-assistant.png */; };
		842CB999187FA0EF009C9C82 /* button-claim-it.png in Resources */ = {isa = PBXBuildFile; fileRef = 842CB97F187FA0EF009C9C82 /* button-claim-it.png */; };
		842CB99A187FA0EF009C9C82 /* button-purchase.png in Resources */ = {isa = PBXBuildFile; fileRef = 842CB980187FA0EF009C9C82 /* button-purchase.png */; };
		842CB99B187FA0EF009C9C82 /* button-unwrap-gift.png in Resources */ = {isa = PBXBuildFile; fileRef = 842CB981187FA0EF009C9C82 /* button-unwrap-gift.png */; };
		842CB99C187FA0EF009C9C82 /* complete2.png in Resources */ = {isa = PBXBuildFile; fileRef = 842CB982187FA0EF009C9C82 /* complete2.png */; };
		842CB99D187FA0EF009C9C82 /* map.jpeg in Resources */ = {isa = PBXBuildFile; fileRef = 842CB983187FA0EF009C9C82 /* map.jpeg */; };
		842CB99E187FA0EF009C9C82 /* OpenSans-ExtraBold.ttf in Resources */ = {isa = PBXBuildFile; fileRef = 842CB984187FA0EF009C9C82 /* OpenSans-ExtraBold.ttf */; };
		842CB99F187FA0EF009C9C82 /* OpenSans-Light.ttf in Resources */ = {isa = PBXBuildFile; fileRef = 842CB985187FA0EF009C9C82 /* OpenSans-Light.ttf */; };
		842CB9A0187FA0EF009C9C82 /* product-detail-box.png in Resources */ = {isa = PBXBuildFile; fileRef = 842CB986187FA0EF009C9C82 /* product-detail-box.png */; };
		842CB9A1187FA0EF009C9C82 /* customer-v1.psd in Resources */ = {isa = PBXBuildFile; fileRef = 842CB988187FA0EF009C9C82 /* customer-v1.psd */; };
		842CB9A2187FA0EF009C9C82 /* customer-v2.psd in Resources */ = {isa = PBXBuildFile; fileRef = 842CB989187FA0EF009C9C82 /* customer-v2.psd */; };
		842CB9A3187FA0EF009C9C82 /* purchase-page.png in Resources */ = {isa = PBXBuildFile; fileRef = 842CB98A187FA0EF009C9C82 /* purchase-page.png */; };
		842CB9A4187FA0EF009C9C82 /* starbucks.png in Resources */ = {isa = PBXBuildFile; fileRef = 842CB98B187FA0EF009C9C82 /* starbucks.png */; };
		842CB9A5187FA0EF009C9C82 /* Timberland-Pro-Work-Boots.jpg in Resources */ = {isa = PBXBuildFile; fileRef = 842CB98C187FA0EF009C9C82 /* Timberland-Pro-Work-Boots.jpg */; };
		842CB9A6187FA0EF009C9C82 /* user.png in Resources */ = {isa = PBXBuildFile; fileRef = 842CB98D187FA0EF009C9C82 /* user.png */; };
		842CB9A7187FA0EF009C9C82 /* wait-a-moment.png in Resources */ = {isa = PBXBuildFile; fileRef = 842CB98E187FA0EF009C9C82 /* wait-a-moment.png */; };
		8446F7271871F8ED0058BB85 /* BeaconLayoutManager.m in Sources */ = {isa = PBXBuildFile; fileRef = 8446F7261871F8ED0058BB85 /* BeaconLayoutManager.m */; };
		8446F72A18721CBB0058BB85 /* DictionaryFactory.m in Sources */ = {isa = PBXBuildFile; fileRef = 8446F72918721CBB0058BB85 /* DictionaryFactory.m */; };
		845A6FFE187F779C00EFD2C0 /* product-detail-box.png in Resources */ = {isa = PBXBuildFile; fileRef = 845A6FFD187F779C00EFD2C0 /* product-detail-box.png */; };
		845A7000187F7F4400EFD2C0 /* button-call-assistant.png in Resources */ = {isa = PBXBuildFile; fileRef = 845A6FFF187F7F4400EFD2C0 /* button-call-assistant.png */; };
		845A7002187F819B00EFD2C0 /* wait-a-moment.png in Resources */ = {isa = PBXBuildFile; fileRef = 845A7001187F819B00EFD2C0 /* wait-a-moment.png */; };
		845A7005187F82E200EFD2C0 /* button-assistant-on-way.png in Resources */ = {isa = PBXBuildFile; fileRef = 845A7003187F82E200EFD2C0 /* button-assistant-on-way.png */; };
		845A7006187F82E200EFD2C0 /* button-buy-now.png in Resources */ = {isa = PBXBuildFile; fileRef = 845A7004187F82E200EFD2C0 /* button-buy-now.png */; };
		845A7009187F890900EFD2C0 /* WaitAMomentViewController.m in Sources */ = {isa = PBXBuildFile; fileRef = 845A7008187F890900EFD2C0 /* WaitAMomentViewController.m */; };
		845A700C187F8BD700EFD2C0 /* ConfirmPurchaseViewController.m in Sources */ = {isa = PBXBuildFile; fileRef = 845A700B187F8BD700EFD2C0 /* ConfirmPurchaseViewController.m */; };
		845A700E187F939C00EFD2C0 /* purchase-page.png in Resources */ = {isa = PBXBuildFile; fileRef = 845A700D187F939C00EFD2C0 /* purchase-page.png */; };
		845A7010187F948000EFD2C0 /* button-purchase.png in Resources */ = {isa = PBXBuildFile; fileRef = 845A700F187F948000EFD2C0 /* button-purchase.png */; };
		845A7015187F9A0900EFD2C0 /* a-gift.png in Resources */ = {isa = PBXBuildFile; fileRef = 845A7011187F9A0900EFD2C0 /* a-gift.png */; };
		845A7016187F9A0900EFD2C0 /* button-claim-it.png in Resources */ = {isa = PBXBuildFile; fileRef = 845A7012187F9A0900EFD2C0 /* button-claim-it.png */; };
		845A7017187F9A0900EFD2C0 /* button-unwrap-gift.png in Resources */ = {isa = PBXBuildFile; fileRef = 845A7013187F9A0900EFD2C0 /* button-unwrap-gift.png */; };
		845A7018187F9A0900EFD2C0 /* starbucks.png in Resources */ = {isa = PBXBuildFile; fileRef = 845A7014187F9A0900EFD2C0 /* starbucks.png */; };
		8497E524187F2A9A003E50CD /* OpenSans-ExtraBold.ttf in Resources */ = {isa = PBXBuildFile; fileRef = 8497E522187F2A9A003E50CD /* OpenSans-ExtraBold.ttf */; };
		8497E525187F2A9A003E50CD /* OpenSans-Light.ttf in Resources */ = {isa = PBXBuildFile; fileRef = 8497E523187F2A9A003E50CD /* OpenSans-Light.ttf */; };
		84D4B59B187F714A0044AE06 /* WishListViewController.m in Sources */ = {isa = PBXBuildFile; fileRef = 84D4B59A187F714A0044AE06 /* WishListViewController.m */; };
		84D4B59F187F742C0044AE06 /* booth.png in Resources */ = {isa = PBXBuildFile; fileRef = 84D4B59E187F742C0044AE06 /* booth.png */; };
		84E47DF7187B917B0043042F /* user-retina.png in Resources */ = {isa = PBXBuildFile; fileRef = 84E47DF5187B917B0043042F /* user-retina.png */; };
		84E47DF8187B917B0043042F /* user.png in Resources */ = {isa = PBXBuildFile; fileRef = 84E47DF6187B917B0043042F /* user.png */; };
		CC0EC5B4186A049900DC77CB /* OptInViewController.m in Sources */ = {isa = PBXBuildFile; fileRef = CC0EC5B3186A049900DC77CB /* OptInViewController.m */; };
		CC489558187C8FD2005E2B72 /* FirstTimeRunViewController.m in Sources */ = {isa = PBXBuildFile; fileRef = CC489557187C8FD2005E2B72 /* FirstTimeRunViewController.m */; };
		CC604B541868A6D50011A48D /* Foundation.framework in Frameworks */ = {isa = PBXBuildFile; fileRef = CC604B531868A6D50011A48D /* Foundation.framework */; };
		CC604B561868A6D50011A48D /* CoreGraphics.framework in Frameworks */ = {isa = PBXBuildFile; fileRef = CC604B551868A6D50011A48D /* CoreGraphics.framework */; };
		CC604B581868A6D50011A48D /* UIKit.framework in Frameworks */ = {isa = PBXBuildFile; fileRef = CC604B571868A6D50011A48D /* UIKit.framework */; };
		CC604B5E1868A6D50011A48D /* InfoPlist.strings in Resources */ = {isa = PBXBuildFile; fileRef = CC604B5C1868A6D50011A48D /* InfoPlist.strings */; };
		CC604B601868A6D50011A48D /* main.m in Sources */ = {isa = PBXBuildFile; fileRef = CC604B5F1868A6D50011A48D /* main.m */; };
		CC604B641868A6D50011A48D /* AppDelegate.m in Sources */ = {isa = PBXBuildFile; fileRef = CC604B631868A6D50011A48D /* AppDelegate.m */; };
		CC604B671868A6D50011A48D /* Main.storyboard in Resources */ = {isa = PBXBuildFile; fileRef = CC604B651868A6D50011A48D /* Main.storyboard */; };
		CC604B6A1868A6D50011A48D /* MapViewController.m in Sources */ = {isa = PBXBuildFile; fileRef = CC604B691868A6D50011A48D /* MapViewController.m */; };
		CC604B6C1868A6D50011A48D /* Images.xcassets in Resources */ = {isa = PBXBuildFile; fileRef = CC604B6B1868A6D50011A48D /* Images.xcassets */; };
		CC604B731868A6D50011A48D /* XCTest.framework in Frameworks */ = {isa = PBXBuildFile; fileRef = CC604B721868A6D50011A48D /* XCTest.framework */; };
		CC604B741868A6D50011A48D /* Foundation.framework in Frameworks */ = {isa = PBXBuildFile; fileRef = CC604B531868A6D50011A48D /* Foundation.framework */; };
		CC604B751868A6D50011A48D /* UIKit.framework in Frameworks */ = {isa = PBXBuildFile; fileRef = CC604B571868A6D50011A48D /* UIKit.framework */; };
		CC604B7D1868A6D50011A48D /* InfoPlist.strings in Resources */ = {isa = PBXBuildFile; fileRef = CC604B7B1868A6D50011A48D /* InfoPlist.strings */; };
		CC604B7F1868A6D50011A48D /* BeaconDemoTests.m in Sources */ = {isa = PBXBuildFile; fileRef = CC604B7E1868A6D50011A48D /* BeaconDemoTests.m */; };
		CC604B891868B2490011A48D /* bell.mp3 in Resources */ = {isa = PBXBuildFile; fileRef = CC604B881868B2490011A48D /* bell.mp3 */; };
		CC8B5E26187F68180063757E /* LastViewController.m in Sources */ = {isa = PBXBuildFile; fileRef = CC8B5E25187F68180063757E /* LastViewController.m */; };
		CCA0BCAB187EF6BE0030A9F4 /* dimmed_view.png in Resources */ = {isa = PBXBuildFile; fileRef = CCA0BCAA187EF6BE0030A9F4 /* dimmed_view.png */; };
		CCEAC7F5187B310800FCBEFB /* black_boots.jpg in Resources */ = {isa = PBXBuildFile; fileRef = CCEAC7F3187B310800FCBEFB /* black_boots.jpg */; };
		CCEAC7F6187B310800FCBEFB /* green_boots.jpg in Resources */ = {isa = PBXBuildFile; fileRef = CCEAC7F4187B310800FCBEFB /* green_boots.jpg */; };
		CCEAC7FA187B334700FCBEFB /* red_boots_2.jpg in Resources */ = {isa = PBXBuildFile; fileRef = CCEAC7F9187B334700FCBEFB /* red_boots_2.jpg */; };
		CCFB3BE71876387100E07824 /* CustomerHelpViewController.m in Sources */ = {isa = PBXBuildFile; fileRef = CCFB3BE61876387100E07824 /* CustomerHelpViewController.m */; };
		CCFB3BEB1876437200E07824 /* SalesAssociateHelpViewController.m in Sources */ = {isa = PBXBuildFile; fileRef = CCFB3BEA1876437200E07824 /* SalesAssociateHelpViewController.m */; };
/* End PBXBuildFile section */

/* Begin PBXContainerItemProxy section */
		CC604B761868A6D50011A48D /* PBXContainerItemProxy */ = {
			isa = PBXContainerItemProxy;
			containerPortal = CC604B481868A6D50011A48D /* Project object */;
			proxyType = 1;
			remoteGlobalIDString = CC604B4F1868A6D50011A48D;
			remoteInfo = BeaconDemo;
		};
/* End PBXContainerItemProxy section */

/* Begin PBXFileReference section */
		840DB802187FA3B900D7D1F8 /* button-found-it.png */ = {isa = PBXFileReference; lastKnownFileType = image.png; name = "button-found-it.png"; path = "../Supporting Files/button-found-it.png"; sourceTree = "<group>"; };
		840DB803187FA3B900D7D1F8 /* button-help-find.png */ = {isa = PBXFileReference; lastKnownFileType = image.png; name = "button-help-find.png"; path = "../Supporting Files/button-help-find.png"; sourceTree = "<group>"; };
		840DB804187FA3B900D7D1F8 /* button-i-agree.png */ = {isa = PBXFileReference; lastKnownFileType = image.png; name = "button-i-agree.png"; path = "../Supporting Files/button-i-agree.png"; sourceTree = "<group>"; };
		840DB808187FA59600D7D1F8 /* BRAND-01.png */ = {isa = PBXFileReference; lastKnownFileType = image.png; name = "BRAND-01.png"; path = "Supporting Files/BRAND-01.png"; sourceTree = SOURCE_ROOT; };
		842CB971187FA0D7009C9C82 /* complete2.png */ = {isa = PBXFileReference; lastKnownFileType = image.png; name = complete2.png; path = "Supporting Files/complete2.png"; sourceTree = SOURCE_ROOT; };
		842CB974187FA0EF009C9C82 /* a-gift.png */ = {isa = PBXFileReference; lastKnownFileType = image.png; path = "a-gift.png"; sourceTree = "<group>"; };
		842CB975187FA0EF009C9C82 /* Bell tree.mp3 */ = {isa = PBXFileReference; lastKnownFileType = audio.mp3; path = "Bell tree.mp3"; sourceTree = "<group>"; };
		842CB976187FA0EF009C9C82 /* booth.png */ = {isa = PBXFileReference; lastKnownFileType = image.png; path = booth.png; sourceTree = "<group>"; };
		842CB978187FA0EF009C9C82 /* black_boots.jpg */ = {isa = PBXFileReference; lastKnownFileType = image.jpeg; path = black_boots.jpg; sourceTree = "<group>"; };
		842CB979187FA0EF009C9C82 /* green_boots.jpg */ = {isa = PBXFileReference; lastKnownFileType = image.jpeg; path = green_boots.jpg; sourceTree = "<group>"; };
		842CB97A187FA0EF009C9C82 /* red_boots.jpg */ = {isa = PBXFileReference; lastKnownFileType = image.jpeg; path = red_boots.jpg; sourceTree = "<group>"; };
		842CB97B187FA0EF009C9C82 /* red_boots_2.jpg */ = {isa = PBXFileReference; lastKnownFileType = image.jpeg; path = red_boots_2.jpg; sourceTree = "<group>"; };
		842CB97C187FA0EF009C9C82 /* button-assistant-on-way.png */ = {isa = PBXFileReference; lastKnownFileType = image.png; path = "button-assistant-on-way.png"; sourceTree = "<group>"; };
		842CB97D187FA0EF009C9C82 /* button-buy-now.png */ = {isa = PBXFileReference; lastKnownFileType = image.png; path = "button-buy-now.png"; sourceTree = "<group>"; };
		842CB97E187FA0EF009C9C82 /* button-call-assistant.png */ = {isa = PBXFileReference; lastKnownFileType = image.png; path = "button-call-assistant.png"; sourceTree = "<group>"; };
		842CB97F187FA0EF009C9C82 /* button-claim-it.png */ = {isa = PBXFileReference; lastKnownFileType = image.png; path = "button-claim-it.png"; sourceTree = "<group>"; };
		842CB980187FA0EF009C9C82 /* button-purchase.png */ = {isa = PBXFileReference; lastKnownFileType = image.png; path = "button-purchase.png"; sourceTree = "<group>"; };
		842CB981187FA0EF009C9C82 /* button-unwrap-gift.png */ = {isa = PBXFileReference; lastKnownFileType = image.png; path = "button-unwrap-gift.png"; sourceTree = "<group>"; };
		842CB982187FA0EF009C9C82 /* complete2.png */ = {isa = PBXFileReference; lastKnownFileType = image.png; path = complete2.png; sourceTree = "<group>"; };
		842CB983187FA0EF009C9C82 /* map.jpeg */ = {isa = PBXFileReference; lastKnownFileType = image.jpeg; path = map.jpeg; sourceTree = "<group>"; };
		842CB984187FA0EF009C9C82 /* OpenSans-ExtraBold.ttf */ = {isa = PBXFileReference; lastKnownFileType = file; path = "OpenSans-ExtraBold.ttf"; sourceTree = "<group>"; };
		842CB985187FA0EF009C9C82 /* OpenSans-Light.ttf */ = {isa = PBXFileReference; lastKnownFileType = file; path = "OpenSans-Light.ttf"; sourceTree = "<group>"; };
		842CB986187FA0EF009C9C82 /* product-detail-box.png */ = {isa = PBXFileReference; lastKnownFileType = image.png; path = "product-detail-box.png"; sourceTree = "<group>"; };
		842CB988187FA0EF009C9C82 /* customer-v1.psd */ = {isa = PBXFileReference; lastKnownFileType = file; path = "customer-v1.psd"; sourceTree = "<group>"; };
		842CB989187FA0EF009C9C82 /* customer-v2.psd */ = {isa = PBXFileReference; lastKnownFileType = file; path = "customer-v2.psd"; sourceTree = "<group>"; };
		842CB98A187FA0EF009C9C82 /* purchase-page.png */ = {isa = PBXFileReference; lastKnownFileType = image.png; path = "purchase-page.png"; sourceTree = "<group>"; };
		842CB98B187FA0EF009C9C82 /* starbucks.png */ = {isa = PBXFileReference; lastKnownFileType = image.png; path = starbucks.png; sourceTree = "<group>"; };
		842CB98C187FA0EF009C9C82 /* Timberland-Pro-Work-Boots.jpg */ = {isa = PBXFileReference; lastKnownFileType = image.jpeg; path = "Timberland-Pro-Work-Boots.jpg"; sourceTree = "<group>"; };
		842CB98D187FA0EF009C9C82 /* user.png */ = {isa = PBXFileReference; lastKnownFileType = image.png; path = user.png; sourceTree = "<group>"; };
		842CB98E187FA0EF009C9C82 /* wait-a-moment.png */ = {isa = PBXFileReference; lastKnownFileType = image.png; path = "wait-a-moment.png"; sourceTree = "<group>"; };
		8446F7251871F8ED0058BB85 /* BeaconLayoutManager.h */ = {isa = PBXFileReference; fileEncoding = 4; lastKnownFileType = sourcecode.c.h; path = BeaconLayoutManager.h; sourceTree = "<group>"; };
		8446F7261871F8ED0058BB85 /* BeaconLayoutManager.m */ = {isa = PBXFileReference; fileEncoding = 4; lastKnownFileType = sourcecode.c.objc; path = BeaconLayoutManager.m; sourceTree = "<group>"; };
		8446F72818721CBB0058BB85 /* DictionaryFactory.h */ = {isa = PBXFileReference; fileEncoding = 4; lastKnownFileType = sourcecode.c.h; path = DictionaryFactory.h; sourceTree = "<group>"; };
		8446F72918721CBB0058BB85 /* DictionaryFactory.m */ = {isa = PBXFileReference; fileEncoding = 4; lastKnownFileType = sourcecode.c.objc; path = DictionaryFactory.m; sourceTree = "<group>"; };
		845A6FFD187F779C00EFD2C0 /* product-detail-box.png */ = {isa = PBXFileReference; lastKnownFileType = image.png; name = "product-detail-box.png"; path = "Supporting Files/product-detail-box.png"; sourceTree = SOURCE_ROOT; };
		845A6FFF187F7F4400EFD2C0 /* button-call-assistant.png */ = {isa = PBXFileReference; lastKnownFileType = image.png; name = "button-call-assistant.png"; path = "Supporting Files/button-call-assistant.png"; sourceTree = SOURCE_ROOT; };
		845A7001187F819B00EFD2C0 /* wait-a-moment.png */ = {isa = PBXFileReference; lastKnownFileType = image.png; name = "wait-a-moment.png"; path = "Supporting Files/wait-a-moment.png"; sourceTree = SOURCE_ROOT; };
		845A7003187F82E200EFD2C0 /* button-assistant-on-way.png */ = {isa = PBXFileReference; lastKnownFileType = image.png; name = "button-assistant-on-way.png"; path = "Supporting Files/button-assistant-on-way.png"; sourceTree = SOURCE_ROOT; };
		845A7004187F82E200EFD2C0 /* button-buy-now.png */ = {isa = PBXFileReference; lastKnownFileType = image.png; name = "button-buy-now.png"; path = "Supporting Files/button-buy-now.png"; sourceTree = SOURCE_ROOT; };
		845A7007187F890900EFD2C0 /* WaitAMomentViewController.h */ = {isa = PBXFileReference; fileEncoding = 4; lastKnownFileType = sourcecode.c.h; path = WaitAMomentViewController.h; sourceTree = "<group>"; };
		845A7008187F890900EFD2C0 /* WaitAMomentViewController.m */ = {isa = PBXFileReference; fileEncoding = 4; lastKnownFileType = sourcecode.c.objc; path = WaitAMomentViewController.m; sourceTree = "<group>"; };
		845A700A187F8BD700EFD2C0 /* ConfirmPurchaseViewController.h */ = {isa = PBXFileReference; fileEncoding = 4; lastKnownFileType = sourcecode.c.h; path = ConfirmPurchaseViewController.h; sourceTree = "<group>"; };
		845A700B187F8BD700EFD2C0 /* ConfirmPurchaseViewController.m */ = {isa = PBXFileReference; fileEncoding = 4; lastKnownFileType = sourcecode.c.objc; path = ConfirmPurchaseViewController.m; sourceTree = "<group>"; };
		845A700D187F939C00EFD2C0 /* purchase-page.png */ = {isa = PBXFileReference; lastKnownFileType = image.png; name = "purchase-page.png"; path = "Supporting Files/purchase-page.png"; sourceTree = SOURCE_ROOT; };
		845A700F187F948000EFD2C0 /* button-purchase.png */ = {isa = PBXFileReference; lastKnownFileType = image.png; name = "button-purchase.png"; path = "Supporting Files/button-purchase.png"; sourceTree = SOURCE_ROOT; };
		845A7011187F9A0900EFD2C0 /* a-gift.png */ = {isa = PBXFileReference; lastKnownFileType = image.png; name = "a-gift.png"; path = "Supporting Files/a-gift.png"; sourceTree = SOURCE_ROOT; };
		845A7012187F9A0900EFD2C0 /* button-claim-it.png */ = {isa = PBXFileReference; lastKnownFileType = image.png; name = "button-claim-it.png"; path = "Supporting Files/button-claim-it.png"; sourceTree = SOURCE_ROOT; };
		845A7013187F9A0900EFD2C0 /* button-unwrap-gift.png */ = {isa = PBXFileReference; lastKnownFileType = image.png; name = "button-unwrap-gift.png"; path = "Supporting Files/button-unwrap-gift.png"; sourceTree = SOURCE_ROOT; };
		845A7014187F9A0900EFD2C0 /* starbucks.png */ = {isa = PBXFileReference; lastKnownFileType = image.png; name = starbucks.png; path = "Supporting Files/starbucks.png"; sourceTree = SOURCE_ROOT; };
		8497E522187F2A9A003E50CD /* OpenSans-ExtraBold.ttf */ = {isa = PBXFileReference; lastKnownFileType = file; name = "OpenSans-ExtraBold.ttf"; path = "Supporting Files/OpenSans-ExtraBold.ttf"; sourceTree = SOURCE_ROOT; };
		8497E523187F2A9A003E50CD /* OpenSans-Light.ttf */ = {isa = PBXFileReference; lastKnownFileType = file; name = "OpenSans-Light.ttf"; path = "Supporting Files/OpenSans-Light.ttf"; sourceTree = SOURCE_ROOT; };
		84D4B599187F714A0044AE06 /* WishListViewController.h */ = {isa = PBXFileReference; fileEncoding = 4; lastKnownFileType = sourcecode.c.h; path = WishListViewController.h; sourceTree = "<group>"; };
		84D4B59A187F714A0044AE06 /* WishListViewController.m */ = {isa = PBXFileReference; fileEncoding = 4; lastKnownFileType = sourcecode.c.objc; path = WishListViewController.m; sourceTree = "<group>"; };
		84D4B59E187F742C0044AE06 /* booth.png */ = {isa = PBXFileReference; lastKnownFileType = image.png; name = booth.png; path = "Supporting Files/booth.png"; sourceTree = SOURCE_ROOT; };
		84E47DF5187B917B0043042F /* user-retina.png */ = {isa = PBXFileReference; lastKnownFileType = image.png; name = "user-retina.png"; path = "Images.xcassets/user.imageset/user-retina.png"; sourceTree = "<group>"; };
		84E47DF6187B917B0043042F /* user.png */ = {isa = PBXFileReference; lastKnownFileType = image.png; name = user.png; path = Images.xcassets/user.imageset/user.png; sourceTree = "<group>"; };
		CC0EC5B2186A049900DC77CB /* OptInViewController.h */ = {isa = PBXFileReference; fileEncoding = 4; lastKnownFileType = sourcecode.c.h; path = OptInViewController.h; sourceTree = "<group>"; };
		CC0EC5B3186A049900DC77CB /* OptInViewController.m */ = {isa = PBXFileReference; fileEncoding = 4; lastKnownFileType = sourcecode.c.objc; path = OptInViewController.m; sourceTree = "<group>"; };
		CC489556187C8FD2005E2B72 /* FirstTimeRunViewController.h */ = {isa = PBXFileReference; fileEncoding = 4; lastKnownFileType = sourcecode.c.h; path = FirstTimeRunViewController.h; sourceTree = "<group>"; };
		CC489557187C8FD2005E2B72 /* FirstTimeRunViewController.m */ = {isa = PBXFileReference; fileEncoding = 4; lastKnownFileType = sourcecode.c.objc; path = FirstTimeRunViewController.m; sourceTree = "<group>"; };
		CC604B501868A6D50011A48D /* nrfbeacondemo.app */ = {isa = PBXFileReference; explicitFileType = wrapper.application; includeInIndex = 0; path = nrfbeacondemo.app; sourceTree = BUILT_PRODUCTS_DIR; };
		CC604B531868A6D50011A48D /* Foundation.framework */ = {isa = PBXFileReference; lastKnownFileType = wrapper.framework; name = Foundation.framework; path = System/Library/Frameworks/Foundation.framework; sourceTree = SDKROOT; };
		CC604B551868A6D50011A48D /* CoreGraphics.framework */ = {isa = PBXFileReference; lastKnownFileType = wrapper.framework; name = CoreGraphics.framework; path = System/Library/Frameworks/CoreGraphics.framework; sourceTree = SDKROOT; };
		CC604B571868A6D50011A48D /* UIKit.framework */ = {isa = PBXFileReference; lastKnownFileType = wrapper.framework; name = UIKit.framework; path = System/Library/Frameworks/UIKit.framework; sourceTree = SDKROOT; };
		CC604B5B1868A6D50011A48D /* nrfbeacondemo-Info.plist */ = {isa = PBXFileReference; lastKnownFileType = text.plist.xml; path = "nrfbeacondemo-Info.plist"; sourceTree = "<group>"; };
		CC604B5D1868A6D50011A48D /* en */ = {isa = PBXFileReference; lastKnownFileType = text.plist.strings; name = en; path = en.lproj/InfoPlist.strings; sourceTree = "<group>"; };
		CC604B5F1868A6D50011A48D /* main.m */ = {isa = PBXFileReference; lastKnownFileType = sourcecode.c.objc; path = main.m; sourceTree = "<group>"; };
		CC604B611868A6D50011A48D /* nrfbeacondemo-Prefix.pch */ = {isa = PBXFileReference; lastKnownFileType = sourcecode.c.h; path = "nrfbeacondemo-Prefix.pch"; sourceTree = "<group>"; };
		CC604B621868A6D50011A48D /* AppDelegate.h */ = {isa = PBXFileReference; lastKnownFileType = sourcecode.c.h; path = AppDelegate.h; sourceTree = "<group>"; };
		CC604B631868A6D50011A48D /* AppDelegate.m */ = {isa = PBXFileReference; lastKnownFileType = sourcecode.c.objc; path = AppDelegate.m; sourceTree = "<group>"; };
		CC604B661868A6D50011A48D /* Base */ = {isa = PBXFileReference; lastKnownFileType = file.storyboard; name = Base; path = Base.lproj/Main.storyboard; sourceTree = "<group>"; };
		CC604B681868A6D50011A48D /* MapViewController.h */ = {isa = PBXFileReference; lastKnownFileType = sourcecode.c.h; path = MapViewController.h; sourceTree = "<group>"; };
		CC604B691868A6D50011A48D /* MapViewController.m */ = {isa = PBXFileReference; lastKnownFileType = sourcecode.c.objc; path = MapViewController.m; sourceTree = "<group>"; };
		CC604B6B1868A6D50011A48D /* Images.xcassets */ = {isa = PBXFileReference; lastKnownFileType = folder.assetcatalog; path = Images.xcassets; sourceTree = "<group>"; };
		CC604B711868A6D50011A48D /* nrfbeacondemoTests.xctest */ = {isa = PBXFileReference; explicitFileType = wrapper.cfbundle; includeInIndex = 0; path = nrfbeacondemoTests.xctest; sourceTree = BUILT_PRODUCTS_DIR; };
		CC604B721868A6D50011A48D /* XCTest.framework */ = {isa = PBXFileReference; lastKnownFileType = wrapper.framework; name = XCTest.framework; path = Library/Frameworks/XCTest.framework; sourceTree = DEVELOPER_DIR; };
		CC604B7A1868A6D50011A48D /* nrfbeacondemoTests-Info.plist */ = {isa = PBXFileReference; lastKnownFileType = text.plist.xml; path = "nrfbeacondemoTests-Info.plist"; sourceTree = "<group>"; };
		CC604B7C1868A6D50011A48D /* en */ = {isa = PBXFileReference; lastKnownFileType = text.plist.strings; name = en; path = en.lproj/InfoPlist.strings; sourceTree = "<group>"; };
		CC604B7E1868A6D50011A48D /* BeaconDemoTests.m */ = {isa = PBXFileReference; lastKnownFileType = sourcecode.c.objc; path = BeaconDemoTests.m; sourceTree = "<group>"; };
		CC604B881868B2490011A48D /* bell.mp3 */ = {isa = PBXFileReference; lastKnownFileType = audio.mp3; path = bell.mp3; sourceTree = "<group>"; };
		CC8B5E24187F68180063757E /* LastViewController.h */ = {isa = PBXFileReference; fileEncoding = 4; lastKnownFileType = sourcecode.c.h; path = LastViewController.h; sourceTree = "<group>"; };
		CC8B5E25187F68180063757E /* LastViewController.m */ = {isa = PBXFileReference; fileEncoding = 4; lastKnownFileType = sourcecode.c.objc; path = LastViewController.m; sourceTree = "<group>"; };
		CCA0BCAA187EF6BE0030A9F4 /* dimmed_view.png */ = {isa = PBXFileReference; lastKnownFileType = image.png; path = dimmed_view.png; sourceTree = "<group>"; };
		CCEAC7F3187B310800FCBEFB /* black_boots.jpg */ = {isa = PBXFileReference; lastKnownFileType = image.jpeg; path = black_boots.jpg; sourceTree = "<group>"; };
		CCEAC7F4187B310800FCBEFB /* green_boots.jpg */ = {isa = PBXFileReference; lastKnownFileType = image.jpeg; path = green_boots.jpg; sourceTree = "<group>"; };
		CCEAC7F9187B334700FCBEFB /* red_boots_2.jpg */ = {isa = PBXFileReference; lastKnownFileType = image.jpeg; path = red_boots_2.jpg; sourceTree = "<group>"; };
		CCFB3BE51876387100E07824 /* CustomerHelpViewController.h */ = {isa = PBXFileReference; fileEncoding = 4; lastKnownFileType = sourcecode.c.h; path = CustomerHelpViewController.h; sourceTree = "<group>"; };
		CCFB3BE61876387100E07824 /* CustomerHelpViewController.m */ = {isa = PBXFileReference; fileEncoding = 4; lastKnownFileType = sourcecode.c.objc; path = CustomerHelpViewController.m; sourceTree = "<group>"; };
		CCFB3BE8187638EE00E07824 /* TransferService.h */ = {isa = PBXFileReference; lastKnownFileType = sourcecode.c.h; path = TransferService.h; sourceTree = "<group>"; };
		CCFB3BE91876437200E07824 /* SalesAssociateHelpViewController.h */ = {isa = PBXFileReference; fileEncoding = 4; lastKnownFileType = sourcecode.c.h; path = SalesAssociateHelpViewController.h; sourceTree = "<group>"; };
		CCFB3BEA1876437200E07824 /* SalesAssociateHelpViewController.m */ = {isa = PBXFileReference; fileEncoding = 4; lastKnownFileType = sourcecode.c.objc; path = SalesAssociateHelpViewController.m; sourceTree = "<group>"; };
/* End PBXFileReference section */

/* Begin PBXFrameworksBuildPhase section */
		CC604B4D1868A6D50011A48D /* Frameworks */ = {
			isa = PBXFrameworksBuildPhase;
			buildActionMask = 2147483647;
			files = (
				CC604B561868A6D50011A48D /* CoreGraphics.framework in Frameworks */,
				CC604B581868A6D50011A48D /* UIKit.framework in Frameworks */,
				CC604B541868A6D50011A48D /* Foundation.framework in Frameworks */,
			);
			runOnlyForDeploymentPostprocessing = 0;
		};
		CC604B6E1868A6D50011A48D /* Frameworks */ = {
			isa = PBXFrameworksBuildPhase;
			buildActionMask = 2147483647;
			files = (
				CC604B731868A6D50011A48D /* XCTest.framework in Frameworks */,
				CC604B751868A6D50011A48D /* UIKit.framework in Frameworks */,
				CC604B741868A6D50011A48D /* Foundation.framework in Frameworks */,
			);
			runOnlyForDeploymentPostprocessing = 0;
		};
/* End PBXFrameworksBuildPhase section */

/* Begin PBXGroup section */
		842CB973187FA0EF009C9C82 /* Supporting Files */ = {
			isa = PBXGroup;
			children = (
				842CB974187FA0EF009C9C82 /* a-gift.png */,
				842CB975187FA0EF009C9C82 /* Bell tree.mp3 */,
				842CB976187FA0EF009C9C82 /* booth.png */,
				842CB977187FA0EF009C9C82 /* Boots */,
				842CB97C187FA0EF009C9C82 /* button-assistant-on-way.png */,
				842CB97D187FA0EF009C9C82 /* button-buy-now.png */,
				842CB97E187FA0EF009C9C82 /* button-call-assistant.png */,
				842CB97F187FA0EF009C9C82 /* button-claim-it.png */,
				842CB980187FA0EF009C9C82 /* button-purchase.png */,
				842CB981187FA0EF009C9C82 /* button-unwrap-gift.png */,
				842CB982187FA0EF009C9C82 /* complete2.png */,
				842CB983187FA0EF009C9C82 /* map.jpeg */,
				842CB984187FA0EF009C9C82 /* OpenSans-ExtraBold.ttf */,
				842CB985187FA0EF009C9C82 /* OpenSans-Light.ttf */,
				842CB986187FA0EF009C9C82 /* product-detail-box.png */,
				842CB987187FA0EF009C9C82 /* PSDs */,
				842CB98A187FA0EF009C9C82 /* purchase-page.png */,
				842CB98B187FA0EF009C9C82 /* starbucks.png */,
				842CB98C187FA0EF009C9C82 /* Timberland-Pro-Work-Boots.jpg */,
				842CB98D187FA0EF009C9C82 /* user.png */,
				842CB98E187FA0EF009C9C82 /* wait-a-moment.png */,
			);
			path = "Supporting Files";
			sourceTree = "<group>";
		};
		842CB977187FA0EF009C9C82 /* Boots */ = {
			isa = PBXGroup;
			children = (
				842CB978187FA0EF009C9C82 /* black_boots.jpg */,
				842CB979187FA0EF009C9C82 /* green_boots.jpg */,
				842CB97A187FA0EF009C9C82 /* red_boots.jpg */,
				842CB97B187FA0EF009C9C82 /* red_boots_2.jpg */,
			);
			path = Boots;
			sourceTree = "<group>";
		};
		842CB987187FA0EF009C9C82 /* PSDs */ = {
			isa = PBXGroup;
			children = (
				842CB988187FA0EF009C9C82 /* customer-v1.psd */,
				842CB989187FA0EF009C9C82 /* customer-v2.psd */,
			);
			path = PSDs;
			sourceTree = "<group>";
		};
		8446F7231871F3860058BB85 /* Model */ = {
			isa = PBXGroup;
			children = (
				8446F7251871F8ED0058BB85 /* BeaconLayoutManager.h */,
				8446F7261871F8ED0058BB85 /* BeaconLayoutManager.m */,
				8446F72818721CBB0058BB85 /* DictionaryFactory.h */,
				8446F72918721CBB0058BB85 /* DictionaryFactory.m */,
			);
			path = Model;
			sourceTree = "<group>";
		};
		CC604B471868A6D50011A48D = {
			isa = PBXGroup;
			children = (
				842CB973187FA0EF009C9C82 /* Supporting Files */,
				CC604B591868A6D50011A48D /* BeaconDemo */,
				CC604B781868A6D50011A48D /* BeaconDemoTests */,
				CC604B521868A6D50011A48D /* Frameworks */,
				CC604B511868A6D50011A48D /* Products */,
			);
			sourceTree = "<group>";
		};
		CC604B511868A6D50011A48D /* Products */ = {
			isa = PBXGroup;
			children = (
				CC604B501868A6D50011A48D /* nrfbeacondemo.app */,
				CC604B711868A6D50011A48D /* nrfbeacondemoTests.xctest */,
			);
			name = Products;
			sourceTree = "<group>";
		};
		CC604B521868A6D50011A48D /* Frameworks */ = {
			isa = PBXGroup;
			children = (
				CC604B531868A6D50011A48D /* Foundation.framework */,
				CC604B551868A6D50011A48D /* CoreGraphics.framework */,
				CC604B571868A6D50011A48D /* UIKit.framework */,
				CC604B721868A6D50011A48D /* XCTest.framework */,
			);
			name = Frameworks;
			sourceTree = "<group>";
		};
		CC604B591868A6D50011A48D /* BeaconDemo */ = {
			isa = PBXGroup;
			children = (
				8446F7231871F3860058BB85 /* Model */,
				CC604B621868A6D50011A48D /* AppDelegate.h */,
				CC604B631868A6D50011A48D /* AppDelegate.m */,
				CC604B651868A6D50011A48D /* Main.storyboard */,
				845A700A187F8BD700EFD2C0 /* ConfirmPurchaseViewController.h */,
				845A700B187F8BD700EFD2C0 /* ConfirmPurchaseViewController.m */,
				845A7007187F890900EFD2C0 /* WaitAMomentViewController.h */,
				845A7008187F890900EFD2C0 /* WaitAMomentViewController.m */,
				CC489556187C8FD2005E2B72 /* FirstTimeRunViewController.h */,
				CC489557187C8FD2005E2B72 /* FirstTimeRunViewController.m */,
				CCFB3BE91876437200E07824 /* SalesAssociateHelpViewController.h */,
				CCFB3BEA1876437200E07824 /* SalesAssociateHelpViewController.m */,
				CCFB3BE51876387100E07824 /* CustomerHelpViewController.h */,
				CCFB3BE61876387100E07824 /* CustomerHelpViewController.m */,
				CCFB3BE8187638EE00E07824 /* TransferService.h */,
				CC0EC5B2186A049900DC77CB /* OptInViewController.h */,
				CC0EC5B3186A049900DC77CB /* OptInViewController.m */,
				84D4B599187F714A0044AE06 /* WishListViewController.h */,
				84D4B59A187F714A0044AE06 /* WishListViewController.m */,
				CC8B5E24187F68180063757E /* LastViewController.h */,
				CC8B5E25187F68180063757E /* LastViewController.m */,
				CC604B681868A6D50011A48D /* MapViewController.h */,
				CC604B691868A6D50011A48D /* MapViewController.m */,
				CC604B6B1868A6D50011A48D /* Images.xcassets */,
				CC604B5A1868A6D50011A48D /* Supporting Files */,
			);
			path = BeaconDemo;
			sourceTree = "<group>";
		};
		CC604B5A1868A6D50011A48D /* Supporting Files */ = {
			isa = PBXGroup;
			children = (
				840DB808187FA59600D7D1F8 /* BRAND-01.png */,
				840DB802187FA3B900D7D1F8 /* button-found-it.png */,
				840DB803187FA3B900D7D1F8 /* button-help-find.png */,
				840DB804187FA3B900D7D1F8 /* button-i-agree.png */,
				842CB971187FA0D7009C9C82 /* complete2.png */,
				845A7011187F9A0900EFD2C0 /* a-gift.png */,
				845A7012187F9A0900EFD2C0 /* button-claim-it.png */,
				845A7013187F9A0900EFD2C0 /* button-unwrap-gift.png */,
				845A7014187F9A0900EFD2C0 /* starbucks.png */,
				845A700F187F948000EFD2C0 /* button-purchase.png */,
				845A700D187F939C00EFD2C0 /* purchase-page.png */,
				845A7003187F82E200EFD2C0 /* button-assistant-on-way.png */,
				845A7004187F82E200EFD2C0 /* button-buy-now.png */,
				845A7001187F819B00EFD2C0 /* wait-a-moment.png */,
				845A6FFF187F7F4400EFD2C0 /* button-call-assistant.png */,
				845A6FFD187F779C00EFD2C0 /* product-detail-box.png */,
				84D4B59E187F742C0044AE06 /* booth.png */,
				8497E522187F2A9A003E50CD /* OpenSans-ExtraBold.ttf */,
				8497E523187F2A9A003E50CD /* OpenSans-Light.ttf */,
				CCA0BCAA187EF6BE0030A9F4 /* dimmed_view.png */,
				84E47DF5187B917B0043042F /* user-retina.png */,
				84E47DF6187B917B0043042F /* user.png */,
				CCEAC7F9187B334700FCBEFB /* red_boots_2.jpg */,
				CCEAC7F3187B310800FCBEFB /* black_boots.jpg */,
				CCEAC7F4187B310800FCBEFB /* green_boots.jpg */,
				CC604B881868B2490011A48D /* bell.mp3 */,
				CC604B5B1868A6D50011A48D /* nrfbeacondemo-Info.plist */,
				CC604B5C1868A6D50011A48D /* InfoPlist.strings */,
				CC604B5F1868A6D50011A48D /* main.m */,
				CC604B611868A6D50011A48D /* nrfbeacondemo-Prefix.pch */,
			);
			name = "Supporting Files";
			sourceTree = "<group>";
		};
		CC604B781868A6D50011A48D /* BeaconDemoTests */ = {
			isa = PBXGroup;
			children = (
				CC604B7E1868A6D50011A48D /* BeaconDemoTests.m */,
				CC604B791868A6D50011A48D /* Supporting Files */,
			);
			path = BeaconDemoTests;
			sourceTree = "<group>";
		};
		CC604B791868A6D50011A48D /* Supporting Files */ = {
			isa = PBXGroup;
			children = (
				CC604B7A1868A6D50011A48D /* nrfbeacondemoTests-Info.plist */,
				CC604B7B1868A6D50011A48D /* InfoPlist.strings */,
			);
			name = "Supporting Files";
			sourceTree = "<group>";
		};
/* End PBXGroup section */

/* Begin PBXNativeTarget section */
		CC604B4F1868A6D50011A48D /* nrfbeacondemo */ = {
			isa = PBXNativeTarget;
			buildConfigurationList = CC604B821868A6D50011A48D /* Build configuration list for PBXNativeTarget "nrfbeacondemo" */;
			buildPhases = (
				CC604B4C1868A6D50011A48D /* Sources */,
				CC604B4D1868A6D50011A48D /* Frameworks */,
				CC604B4E1868A6D50011A48D /* Resources */,
			);
			buildRules = (
			);
			dependencies = (
			);
			name = nrfbeacondemo;
			productName = BeaconDemo;
			productReference = CC604B501868A6D50011A48D /* nrfbeacondemo.app */;
			productType = "com.apple.product-type.application";
		};
		CC604B701868A6D50011A48D /* nrfbeacondemoTests */ = {
			isa = PBXNativeTarget;
			buildConfigurationList = CC604B851868A6D50011A48D /* Build configuration list for PBXNativeTarget "nrfbeacondemoTests" */;
			buildPhases = (
				CC604B6D1868A6D50011A48D /* Sources */,
				CC604B6E1868A6D50011A48D /* Frameworks */,
				CC604B6F1868A6D50011A48D /* Resources */,
			);
			buildRules = (
			);
			dependencies = (
				CC604B771868A6D50011A48D /* PBXTargetDependency */,
			);
			name = nrfbeacondemoTests;
			productName = BeaconDemoTests;
			productReference = CC604B711868A6D50011A48D /* nrfbeacondemoTests.xctest */;
			productType = "com.apple.product-type.bundle.unit-test";
		};
/* End PBXNativeTarget section */

/* Begin PBXProject section */
		CC604B481868A6D50011A48D /* Project object */ = {
			isa = PBXProject;
			attributes = {
				LastUpgradeCheck = 0500;
				ORGANIZATIONNAME = dteng;
				TargetAttributes = {
					CC604B4F1868A6D50011A48D = {
						DevelopmentTeam = 34S9JFQCYD;
					};
					CC604B701868A6D50011A48D = {
						TestTargetID = CC604B4F1868A6D50011A48D;
					};
				};
			};
			buildConfigurationList = CC604B4B1868A6D50011A48D /* Build configuration list for PBXProject "nrfbeacondemo" */;
			compatibilityVersion = "Xcode 3.2";
			developmentRegion = English;
			hasScannedForEncodings = 0;
			knownRegions = (
				en,
				Base,
			);
			mainGroup = CC604B471868A6D50011A48D;
			productRefGroup = CC604B511868A6D50011A48D /* Products */;
			projectDirPath = "";
			projectRoot = "";
			targets = (
				CC604B4F1868A6D50011A48D /* nrfbeacondemo */,
				CC604B701868A6D50011A48D /* nrfbeacondemoTests */,
			);
		};
/* End PBXProject section */

/* Begin PBXResourcesBuildPhase section */
		CC604B4E1868A6D50011A48D /* Resources */ = {
			isa = PBXResourcesBuildPhase;
			buildActionMask = 2147483647;
			files = (
				842CB9A5187FA0EF009C9C82 /* Timberland-Pro-Work-Boots.jpg in Resources */,
				842CB996187FA0EF009C9C82 /* button-assistant-on-way.png in Resources */,
				842CB99A187FA0EF009C9C82 /* button-purchase.png in Resources */,
				842CB99E187FA0EF009C9C82 /* OpenSans-ExtraBold.ttf in Resources */,
				842CB9A4187FA0EF009C9C82 /* starbucks.png in Resources */,
				CCA0BCAB187EF6BE0030A9F4 /* dimmed_view.png in Resources */,
				845A700E187F939C00EFD2C0 /* purchase-page.png in Resources */,
				845A7018187F9A0900EFD2C0 /* starbucks.png in Resources */,
				845A7010187F948000EFD2C0 /* button-purchase.png in Resources */,
				842CB992187FA0EF009C9C82 /* black_boots.jpg in Resources */,
				842CB991187FA0EF009C9C82 /* booth.png in Resources */,
				842CB997187FA0EF009C9C82 /* button-buy-now.png in Resources */,
				840DB809187FA59600D7D1F8 /* BRAND-01.png in Resources */,
				842CB9A7187FA0EF009C9C82 /* wait-a-moment.png in Resources */,
				845A7016187F9A0900EFD2C0 /* button-claim-it.png in Resources */,
				842CB99D187FA0EF009C9C82 /* map.jpeg in Resources */,
				840DB805187FA3B900D7D1F8 /* button-found-it.png in Resources */,
				845A7015187F9A0900EFD2C0 /* a-gift.png in Resources */,
				8497E524187F2A9A003E50CD /* OpenSans-ExtraBold.ttf in Resources */,
				842CB9A1187FA0EF009C9C82 /* customer-v1.psd in Resources */,
				842CB994187FA0EF009C9C82 /* red_boots.jpg in Resources */,
				CC604B6C1868A6D50011A48D /* Images.xcassets in Resources */,
				845A7000187F7F4400EFD2C0 /* button-call-assistant.png in Resources */,
				845A7002187F819B00EFD2C0 /* wait-a-moment.png in Resources */,
				840DB806187FA3B900D7D1F8 /* button-help-find.png in Resources */,
				842CB999187FA0EF009C9C82 /* button-claim-it.png in Resources */,
				84E47DF7187B917B0043042F /* user-retina.png in Resources */,
				842CB993187FA0EF009C9C82 /* green_boots.jpg in Resources */,
				845A7017187F9A0900EFD2C0 /* button-unwrap-gift.png in Resources */,
				842CB995187FA0EF009C9C82 /* red_boots_2.jpg in Resources */,
				842CB99C187FA0EF009C9C82 /* complete2.png in Resources */,
				842CB9A3187FA0EF009C9C82 /* purchase-page.png in Resources */,
				84E47DF8187B917B0043042F /* user.png in Resources */,
				CCEAC7F6187B310800FCBEFB /* green_boots.jpg in Resources */,
				842CB9A0187FA0EF009C9C82 /* product-detail-box.png in Resources */,
				845A6FFE187F779C00EFD2C0 /* product-detail-box.png in Resources */,
				840DB807187FA3B900D7D1F8 /* button-i-agree.png in Resources */,
				845A7006187F82E200EFD2C0 /* button-buy-now.png in Resources */,
				84D4B59F187F742C0044AE06 /* booth.png in Resources */,
				842CB990187FA0EF009C9C82 /* Bell tree.mp3 in Resources */,
				842CB99F187FA0EF009C9C82 /* OpenSans-Light.ttf in Resources */,
				845A7005187F82E200EFD2C0 /* button-assistant-on-way.png in Resources */,
				842CB9A2187FA0EF009C9C82 /* customer-v2.psd in Resources */,
				8497E525187F2A9A003E50CD /* OpenSans-Light.ttf in Resources */,
				842CB9A6187FA0EF009C9C82 /* user.png in Resources */,
				CCEAC7FA187B334700FCBEFB /* red_boots_2.jpg in Resources */,
				842CB972187FA0D7009C9C82 /* complete2.png in Resources */,
				842CB98F187FA0EF009C9C82 /* a-gift.png in Resources */,
				CCEAC7F5187B310800FCBEFB /* black_boots.jpg in Resources */,
				CC604B5E1868A6D50011A48D /* InfoPlist.strings in Resources */,
				CC604B891868B2490011A48D /* bell.mp3 in Resources */,
				842CB998187FA0EF009C9C82 /* button-call-assistant.png in Resources */,
				842CB99B187FA0EF009C9C82 /* button-unwrap-gift.png in Resources */,
				CC604B671868A6D50011A48D /* Main.storyboard in Resources */,
			);
			runOnlyForDeploymentPostprocessing = 0;
		};
		CC604B6F1868A6D50011A48D /* Resources */ = {
			isa = PBXResourcesBuildPhase;
			buildActionMask = 2147483647;
			files = (
				CC604B7D1868A6D50011A48D /* InfoPlist.strings in Resources */,
			);
			runOnlyForDeploymentPostprocessing = 0;
		};
/* End PBXResourcesBuildPhase section */

/* Begin PBXSourcesBuildPhase section */
		CC604B4C1868A6D50011A48D /* Sources */ = {
			isa = PBXSourcesBuildPhase;
			buildActionMask = 2147483647;
			files = (
				845A700C187F8BD700EFD2C0 /* ConfirmPurchaseViewController.m in Sources */,
				84D4B59B187F714A0044AE06 /* WishListViewController.m in Sources */,
				CCFB3BE71876387100E07824 /* CustomerHelpViewController.m in Sources */,
				8446F7271871F8ED0058BB85 /* BeaconLayoutManager.m in Sources */,
				CC604B6A1868A6D50011A48D /* MapViewController.m in Sources */,
				CC0EC5B4186A049900DC77CB /* OptInViewController.m in Sources */,
				CC604B641868A6D50011A48D /* AppDelegate.m in Sources */,
				CC489558187C8FD2005E2B72 /* FirstTimeRunViewController.m in Sources */,
				CCFB3BEB1876437200E07824 /* SalesAssociateHelpViewController.m in Sources */,
				8446F72A18721CBB0058BB85 /* DictionaryFactory.m in Sources */,
				CC8B5E26187F68180063757E /* LastViewController.m in Sources */,
				CC604B601868A6D50011A48D /* main.m in Sources */,
				845A7009187F890900EFD2C0 /* WaitAMomentViewController.m in Sources */,
			);
			runOnlyForDeploymentPostprocessing = 0;
		};
		CC604B6D1868A6D50011A48D /* Sources */ = {
			isa = PBXSourcesBuildPhase;
			buildActionMask = 2147483647;
			files = (
				CC604B7F1868A6D50011A48D /* BeaconDemoTests.m in Sources */,
			);
			runOnlyForDeploymentPostprocessing = 0;
		};
/* End PBXSourcesBuildPhase section */

/* Begin PBXTargetDependency section */
		CC604B771868A6D50011A48D /* PBXTargetDependency */ = {
			isa = PBXTargetDependency;
			target = CC604B4F1868A6D50011A48D /* nrfbeacondemo */;
			targetProxy = CC604B761868A6D50011A48D /* PBXContainerItemProxy */;
		};
/* End PBXTargetDependency section */

/* Begin PBXVariantGroup section */
		CC604B5C1868A6D50011A48D /* InfoPlist.strings */ = {
			isa = PBXVariantGroup;
			children = (
				CC604B5D1868A6D50011A48D /* en */,
			);
			name = InfoPlist.strings;
			sourceTree = "<group>";
		};
		CC604B651868A6D50011A48D /* Main.storyboard */ = {
			isa = PBXVariantGroup;
			children = (
				CC604B661868A6D50011A48D /* Base */,
			);
			name = Main.storyboard;
			sourceTree = "<group>";
		};
		CC604B7B1868A6D50011A48D /* InfoPlist.strings */ = {
			isa = PBXVariantGroup;
			children = (
				CC604B7C1868A6D50011A48D /* en */,
			);
			name = InfoPlist.strings;
			sourceTree = "<group>";
		};
/* End PBXVariantGroup section */

/* Begin XCBuildConfiguration section */
		CC604B801868A6D50011A48D /* Debug */ = {
			isa = XCBuildConfiguration;
			buildSettings = {
				ALWAYS_SEARCH_USER_PATHS = NO;
				ARCHS = "$(ARCHS_STANDARD_INCLUDING_64_BIT)";
				CLANG_CXX_LANGUAGE_STANDARD = "gnu++0x";
				CLANG_CXX_LIBRARY = "libc++";
				CLANG_ENABLE_MODULES = YES;
				CLANG_ENABLE_OBJC_ARC = YES;
				CLANG_WARN_BOOL_CONVERSION = YES;
				CLANG_WARN_CONSTANT_CONVERSION = YES;
				CLANG_WARN_DIRECT_OBJC_ISA_USAGE = YES_ERROR;
				CLANG_WARN_EMPTY_BODY = YES;
				CLANG_WARN_ENUM_CONVERSION = YES;
				CLANG_WARN_INT_CONVERSION = YES;
				CLANG_WARN_OBJC_ROOT_CLASS = YES_ERROR;
				CLANG_WARN__DUPLICATE_METHOD_MATCH = YES;
				"CODE_SIGN_IDENTITY[sdk=iphoneos*]" = "iPhone Developer";
				COPY_PHASE_STRIP = NO;
				GCC_C_LANGUAGE_STANDARD = gnu99;
				GCC_DYNAMIC_NO_PIC = NO;
				GCC_OPTIMIZATION_LEVEL = 0;
				GCC_PREPROCESSOR_DEFINITIONS = (
					"DEBUG=1",
					"$(inherited)",
				);
				GCC_SYMBOLS_PRIVATE_EXTERN = NO;
				GCC_WARN_64_TO_32_BIT_CONVERSION = YES;
				GCC_WARN_ABOUT_RETURN_TYPE = YES_ERROR;
				GCC_WARN_UNDECLARED_SELECTOR = YES;
				GCC_WARN_UNINITIALIZED_AUTOS = YES;
				GCC_WARN_UNUSED_FUNCTION = YES;
				GCC_WARN_UNUSED_VARIABLE = YES;
				IPHONEOS_DEPLOYMENT_TARGET = 7.0;
				ONLY_ACTIVE_ARCH = YES;
				SDKROOT = iphoneos;
			};
			name = Debug;
		};
		CC604B811868A6D50011A48D /* Release */ = {
			isa = XCBuildConfiguration;
			buildSettings = {
				ALWAYS_SEARCH_USER_PATHS = NO;
				ARCHS = "$(ARCHS_STANDARD_INCLUDING_64_BIT)";
				CLANG_CXX_LANGUAGE_STANDARD = "gnu++0x";
				CLANG_CXX_LIBRARY = "libc++";
				CLANG_ENABLE_MODULES = YES;
				CLANG_ENABLE_OBJC_ARC = YES;
				CLANG_WARN_BOOL_CONVERSION = YES;
				CLANG_WARN_CONSTANT_CONVERSION = YES;
				CLANG_WARN_DIRECT_OBJC_ISA_USAGE = YES_ERROR;
				CLANG_WARN_EMPTY_BODY = YES;
				CLANG_WARN_ENUM_CONVERSION = YES;
				CLANG_WARN_INT_CONVERSION = YES;
				CLANG_WARN_OBJC_ROOT_CLASS = YES_ERROR;
				CLANG_WARN__DUPLICATE_METHOD_MATCH = YES;
				"CODE_SIGN_IDENTITY[sdk=iphoneos*]" = "iPhone Developer";
				COPY_PHASE_STRIP = YES;
				ENABLE_NS_ASSERTIONS = NO;
				GCC_C_LANGUAGE_STANDARD = gnu99;
				GCC_WARN_64_TO_32_BIT_CONVERSION = YES;
				GCC_WARN_ABOUT_RETURN_TYPE = YES_ERROR;
				GCC_WARN_UNDECLARED_SELECTOR = YES;
				GCC_WARN_UNINITIALIZED_AUTOS = YES;
				GCC_WARN_UNUSED_FUNCTION = YES;
				GCC_WARN_UNUSED_VARIABLE = YES;
				IPHONEOS_DEPLOYMENT_TARGET = 7.0;
				SDKROOT = iphoneos;
				VALIDATE_PRODUCT = YES;
			};
			name = Release;
		};
		CC604B831868A6D50011A48D /* Debug */ = {
			isa = XCBuildConfiguration;
			buildSettings = {
				ASSETCATALOG_COMPILER_APPICON_NAME = AppIcon;
				ASSETCATALOG_COMPILER_LAUNCHIMAGE_NAME = LaunchImage;
				CODE_SIGN_IDENTITY = "iPhone Developer";
				"CODE_SIGN_IDENTITY[sdk=iphoneos*]" = "iPhone Developer";
				GCC_PRECOMPILE_PREFIX_HEADER = YES;
				GCC_PREFIX_HEADER = "BeaconDemo/nrfbeacondemo-Prefix.pch";
				INFOPLIST_FILE = "BeaconDemo/nrfbeacondemo-Info.plist";
				IPHONEOS_DEPLOYMENT_TARGET = 7.0;
				PRODUCT_NAME = nrfbeacondemo;
				PROVISIONING_PROFILE = "";
				TARGETED_DEVICE_FAMILY = 1;
				WRAPPER_EXTENSION = app;
			};
			name = Debug;
		};
		CC604B841868A6D50011A48D /* Release */ = {
			isa = XCBuildConfiguration;
			buildSettings = {
				ASSETCATALOG_COMPILER_APPICON_NAME = AppIcon;
				ASSETCATALOG_COMPILER_LAUNCHIMAGE_NAME = LaunchImage;
				CODE_SIGN_IDENTITY = "iPhone Developer";
				"CODE_SIGN_IDENTITY[sdk=iphoneos*]" = "iPhone Developer";
				GCC_PRECOMPILE_PREFIX_HEADER = YES;
				GCC_PREFIX_HEADER = "BeaconDemo/nrfbeacondemo-Prefix.pch";
				INFOPLIST_FILE = "BeaconDemo/nrfbeacondemo-Info.plist";
				IPHONEOS_DEPLOYMENT_TARGET = 7.0;
				PRODUCT_NAME = nrfbeacondemo;
				PROVISIONING_PROFILE = "";
				TARGETED_DEVICE_FAMILY = 1;
				WRAPPER_EXTENSION = app;
			};
			name = Release;
		};
		CC604B861868A6D50011A48D /* Debug */ = {
			isa = XCBuildConfiguration;
			buildSettings = {
				ARCHS = "$(ARCHS_STANDARD_INCLUDING_64_BIT)";
				BUNDLE_LOADER = "$(BUILT_PRODUCTS_DIR)/BeaconDemo.app/BeaconDemo";
				FRAMEWORK_SEARCH_PATHS = (
					"$(SDKROOT)/Developer/Library/Frameworks",
					"$(inherited)",
					"$(DEVELOPER_FRAMEWORKS_DIR)",
				);
				GCC_PRECOMPILE_PREFIX_HEADER = YES;
				GCC_PREFIX_HEADER = "BeaconDemo/BeaconDemo-Prefix.pch";
				GCC_PREPROCESSOR_DEFINITIONS = (
					"DEBUG=1",
					"$(inherited)",
				);
				INFOPLIST_FILE = "BeaconDemoTests/nrfbeacondemoTests-Info.plist";
				PRODUCT_NAME = nrfbeacondemoTests;
				TEST_HOST = "$(BUNDLE_LOADER)";
				WRAPPER_EXTENSION = xctest;
			};
			name = Debug;
		};
		CC604B871868A6D50011A48D /* Release */ = {
			isa = XCBuildConfiguration;
			buildSettings = {
				ARCHS = "$(ARCHS_STANDARD_INCLUDING_64_BIT)";
				BUNDLE_LOADER = "$(BUILT_PRODUCTS_DIR)/BeaconDemo.app/BeaconDemo";
				FRAMEWORK_SEARCH_PATHS = (
					"$(SDKROOT)/Developer/Library/Frameworks",
					"$(inherited)",
					"$(DEVELOPER_FRAMEWORKS_DIR)",
				);
				GCC_PRECOMPILE_PREFIX_HEADER = YES;
				GCC_PREFIX_HEADER = "BeaconDemo/BeaconDemo-Prefix.pch";
				INFOPLIST_FILE = "BeaconDemoTests/nrfbeacondemoTests-Info.plist";
				PRODUCT_NAME = nrfbeacondemoTests;
				TEST_HOST = "$(BUNDLE_LOADER)";
				WRAPPER_EXTENSION = xctest;
			};
			name = Release;
		};
/* End XCBuildConfiguration section */

/* Begin XCConfigurationList section */
		CC604B4B1868A6D50011A48D /* Build configuration list for PBXProject "nrfbeacondemo" */ = {
			isa = XCConfigurationList;
			buildConfigurations = (
				CC604B801868A6D50011A48D /* Debug */,
				CC604B811868A6D50011A48D /* Release */,
			);
			defaultConfigurationIsVisible = 0;
			defaultConfigurationName = Release;
		};
		CC604B821868A6D50011A48D /* Build configuration list for PBXNativeTarget "nrfbeacondemo" */ = {
			isa = XCConfigurationList;
			buildConfigurations = (
				CC604B831868A6D50011A48D /* Debug */,
				CC604B841868A6D50011A48D /* Release */,
			);
			defaultConfigurationIsVisible = 0;
			defaultConfigurationName = Release;
		};
		CC604B851868A6D50011A48D /* Build configuration list for PBXNativeTarget "nrfbeacondemoTests" */ = {
			isa = XCConfigurationList;
			buildConfigurations = (
				CC604B861868A6D50011A48D /* Debug */,
				CC604B871868A6D50011A48D /* Release */,
			);
			defaultConfigurationIsVisible = 0;
			defaultConfigurationName = Release;
		};
/* End XCConfigurationList section */
	};
	rootObject = CC604B481868A6D50011A48D /* Project object */;
}
