// !$*UTF8*$!
{
	archiveVersion = 1;
	classes = {
	};
	objectVersion = 46;
	objects = {

/* Begin PBXBuildFile section */
		8446F7271871F8ED0058BB85 /* BeaconLayoutManager.m in Sources */ = {isa = PBXBuildFile; fileRef = 8446F7261871F8ED0058BB85 /* BeaconLayoutManager.m */; };
		8446F72A18721CBB0058BB85 /* DictionaryFactory.m in Sources */ = {isa = PBXBuildFile; fileRef = 8446F72918721CBB0058BB85 /* DictionaryFactory.m */; };
		8497E524187F2A9A003E50CD /* OpenSans-ExtraBold.ttf in Resources */ = {isa = PBXBuildFile; fileRef = 8497E522187F2A9A003E50CD /* OpenSans-ExtraBold.ttf */; };
		8497E525187F2A9A003E50CD /* OpenSans-Light.ttf in Resources */ = {isa = PBXBuildFile; fileRef = 8497E523187F2A9A003E50CD /* OpenSans-Light.ttf */; };
		84D4B59B187F714A0044AE06 /* WishListViewController.m in Sources */ = {isa = PBXBuildFile; fileRef = 84D4B59A187F714A0044AE06 /* WishListViewController.m */; };
		84D4B59F187F742C0044AE06 /* booth.png in Resources */ = {isa = PBXBuildFile; fileRef = 84D4B59E187F742C0044AE06 /* booth.png */; };
		84E47DF7187B917B0043042F /* user-retina.png in Resources */ = {isa = PBXBuildFile; fileRef = 84E47DF5187B917B0043042F /* user-retina.png */; };
		84E47DF8187B917B0043042F /* user.png in Resources */ = {isa = PBXBuildFile; fileRef = 84E47DF6187B917B0043042F /* user.png */; };
		CC0EC5B4186A049900DC77CB /* OptInViewController.m in Sources */ = {isa = PBXBuildFile; fileRef = CC0EC5B3186A049900DC77CB /* OptInViewController.m */; };
		CC489558187C8FD2005E2B72 /* FirstTimeRunViewController.m in Sources */ = {isa = PBXBuildFile; fileRef = CC489557187C8FD2005E2B72 /* FirstTimeRunViewController.m */; };
		CC604B541868A6D50011A48D /* Foundation.framework in Frameworks */ = {isa = PBXBuildFile; fileRef = CC604B531868A6D50011A48D /* Foundation.framework */; };
		CC604B561868A6D50011A48D /* CoreGraphics.framework in Frameworks */ = {isa = PBXBuildFile; fileRef = CC604B551868A6D50011A48D /* CoreGraphics.framework */; };
		CC604B581868A6D50011A48D /* UIKit.framework in Frameworks */ = {isa = PBXBuildFile; fileRef = CC604B571868A6D50011A48D /* UIKit.framework */; };
		CC604B5E1868A6D50011A48D /* InfoPlist.strings in Resources */ = {isa = PBXBuildFile; fileRef = CC604B5C1868A6D50011A48D /* InfoPlist.strings */; };
		CC604B601868A6D50011A48D /* main.m in Sources */ = {isa = PBXBuildFile; fileRef = CC604B5F1868A6D50011A48D /* main.m */; };
		CC604B641868A6D50011A48D /* AppDelegate.m in Sources */ = {isa = PBXBuildFile; fileRef = CC604B631868A6D50011A48D /* AppDelegate.m */; };
		CC604B671868A6D50011A48D /* Main.storyboard in Resources */ = {isa = PBXBuildFile; fileRef = CC604B651868A6D50011A48D /* Main.storyboard */; };
		CC604B6A1868A6D50011A48D /* MapViewController.m in Sources */ = {isa = PBXBuildFile; fileRef = CC604B691868A6D50011A48D /* MapViewController.m */; };
		CC604B6C1868A6D50011A48D /* Images.xcassets in Resources */ = {isa = PBXBuildFile; fileRef = CC604B6B1868A6D50011A48D /* Images.xcassets */; };
		CC604B731868A6D50011A48D /* XCTest.framework in Frameworks */ = {isa = PBXBuildFile; fileRef = CC604B721868A6D50011A48D /* XCTest.framework */; };
		CC604B741868A6D50011A48D /* Foundation.framework in Frameworks */ = {isa = PBXBuildFile; fileRef = CC604B531868A6D50011A48D /* Foundation.framework */; };
		CC604B751868A6D50011A48D /* UIKit.framework in Frameworks */ = {isa = PBXBuildFile; fileRef = CC604B571868A6D50011A48D /* UIKit.framework */; };
		CC604B7D1868A6D50011A48D /* InfoPlist.strings in Resources */ = {isa = PBXBuildFile; fileRef = CC604B7B1868A6D50011A48D /* InfoPlist.strings */; };
		CC604B7F1868A6D50011A48D /* BeaconDemoTests.m in Sources */ = {isa = PBXBuildFile; fileRef = CC604B7E1868A6D50011A48D /* BeaconDemoTests.m */; };
		CC604B891868B2490011A48D /* bell.mp3 in Resources */ = {isa = PBXBuildFile; fileRef = CC604B881868B2490011A48D /* bell.mp3 */; };
		CC8B5E26187F68180063757E /* LastViewController.m in Sources */ = {isa = PBXBuildFile; fileRef = CC8B5E25187F68180063757E /* LastViewController.m */; };
		CCA0BCAB187EF6BE0030A9F4 /* dimmed_view.png in Resources */ = {isa = PBXBuildFile; fileRef = CCA0BCAA187EF6BE0030A9F4 /* dimmed_view.png */; };
		CCEAC7F5187B310800FCBEFB /* black_boots.jpg in Resources */ = {isa = PBXBuildFile; fileRef = CCEAC7F3187B310800FCBEFB /* black_boots.jpg */; };
		CCEAC7F6187B310800FCBEFB /* green_boots.jpg in Resources */ = {isa = PBXBuildFile; fileRef = CCEAC7F4187B310800FCBEFB /* green_boots.jpg */; };
		CCEAC7FA187B334700FCBEFB /* red_boots_2.jpg in Resources */ = {isa = PBXBuildFile; fileRef = CCEAC7F9187B334700FCBEFB /* red_boots_2.jpg */; };
		CCFB3BE71876387100E07824 /* CustomerHelpViewController.m in Sources */ = {isa = PBXBuildFile; fileRef = CCFB3BE61876387100E07824 /* CustomerHelpViewController.m */; };
		CCFB3BEB1876437200E07824 /* SalesAssociateHelpViewController.m in Sources */ = {isa = PBXBuildFile; fileRef = CCFB3BEA1876437200E07824 /* SalesAssociateHelpViewController.m */; };
/* End PBXBuildFile section */

/* Begin PBXContainerItemProxy section */
		CC604B761868A6D50011A48D /* PBXContainerItemProxy */ = {
			isa = PBXContainerItemProxy;
			containerPortal = CC604B481868A6D50011A48D /* Project object */;
			proxyType = 1;
			remoteGlobalIDString = CC604B4F1868A6D50011A48D;
			remoteInfo = BeaconDemo;
		};
/* End PBXContainerItemProxy section */

/* Begin PBXFileReference section */
		8446F7251871F8ED0058BB85 /* BeaconLayoutManager.h */ = {isa = PBXFileReference; fileEncoding = 4; lastKnownFileType = sourcecode.c.h; path = BeaconLayoutManager.h; sourceTree = "<group>"; };
		8446F7261871F8ED0058BB85 /* BeaconLayoutManager.m */ = {isa = PBXFileReference; fileEncoding = 4; lastKnownFileType = sourcecode.c.objc; path = BeaconLayoutManager.m; sourceTree = "<group>"; };
		8446F72818721CBB0058BB85 /* DictionaryFactory.h */ = {isa = PBXFileReference; fileEncoding = 4; lastKnownFileType = sourcecode.c.h; path = DictionaryFactory.h; sourceTree = "<group>"; };
		8446F72918721CBB0058BB85 /* DictionaryFactory.m */ = {isa = PBXFileReference; fileEncoding = 4; lastKnownFileType = sourcecode.c.objc; path = DictionaryFactory.m; sourceTree = "<group>"; };
		8497E522187F2A9A003E50CD /* OpenSans-ExtraBold.ttf */ = {isa = PBXFileReference; lastKnownFileType = file; name = "OpenSans-ExtraBold.ttf"; path = "Supporting Files/OpenSans-ExtraBold.ttf"; sourceTree = SOURCE_ROOT; };
		8497E523187F2A9A003E50CD /* OpenSans-Light.ttf */ = {isa = PBXFileReference; lastKnownFileType = file; name = "OpenSans-Light.ttf"; path = "Supporting Files/OpenSans-Light.ttf"; sourceTree = SOURCE_ROOT; };
		84D4B599187F714A0044AE06 /* WishListViewController.h */ = {isa = PBXFileReference; fileEncoding = 4; lastKnownFileType = sourcecode.c.h; path = WishListViewController.h; sourceTree = "<group>"; };
		84D4B59A187F714A0044AE06 /* WishListViewController.m */ = {isa = PBXFileReference; fileEncoding = 4; lastKnownFileType = sourcecode.c.objc; path = WishListViewController.m; sourceTree = "<group>"; };
		84D4B59E187F742C0044AE06 /* booth.png */ = {isa = PBXFileReference; lastKnownFileType = image.png; name = booth.png; path = "Supporting Files/booth.png"; sourceTree = SOURCE_ROOT; };
		84E47DF5187B917B0043042F /* user-retina.png */ = {isa = PBXFileReference; lastKnownFileType = image.png; name = "user-retina.png"; path = "Images.xcassets/user.imageset/user-retina.png"; sourceTree = "<group>"; };
		84E47DF6187B917B0043042F /* user.png */ = {isa = PBXFileReference; lastKnownFileType = image.png; name = user.png; path = Images.xcassets/user.imageset/user.png; sourceTree = "<group>"; };
		CC0EC5B2186A049900DC77CB /* OptInViewController.h */ = {isa = PBXFileReference; fileEncoding = 4; lastKnownFileType = sourcecode.c.h; path = OptInViewController.h; sourceTree = "<group>"; };
		CC0EC5B3186A049900DC77CB /* OptInViewController.m */ = {isa = PBXFileReference; fileEncoding = 4; lastKnownFileType = sourcecode.c.objc; path = OptInViewController.m; sourceTree = "<group>"; };
		CC489556187C8FD2005E2B72 /* FirstTimeRunViewController.h */ = {isa = PBXFileReference; fileEncoding = 4; lastKnownFileType = sourcecode.c.h; path = FirstTimeRunViewController.h; sourceTree = "<group>"; };
		CC489557187C8FD2005E2B72 /* FirstTimeRunViewController.m */ = {isa = PBXFileReference; fileEncoding = 4; lastKnownFileType = sourcecode.c.objc; path = FirstTimeRunViewController.m; sourceTree = "<group>"; };
		CC604B501868A6D50011A48D /* nrfbeacondemo.app */ = {isa = PBXFileReference; explicitFileType = wrapper.application; includeInIndex = 0; path = nrfbeacondemo.app; sourceTree = BUILT_PRODUCTS_DIR; };
		CC604B531868A6D50011A48D /* Foundation.framework */ = {isa = PBXFileReference; lastKnownFileType = wrapper.framework; name = Foundation.framework; path = System/Library/Frameworks/Foundation.framework; sourceTree = SDKROOT; };
		CC604B551868A6D50011A48D /* CoreGraphics.framework */ = {isa = PBXFileReference; lastKnownFileType = wrapper.framework; name = CoreGraphics.framework; path = System/Library/Frameworks/CoreGraphics.framework; sourceTree = SDKROOT; };
		CC604B571868A6D50011A48D /* UIKit.framework */ = {isa = PBXFileReference; lastKnownFileType = wrapper.framework; name = UIKit.framework; path = System/Library/Frameworks/UIKit.framework; sourceTree = SDKROOT; };
		CC604B5B1868A6D50011A48D /* nrfbeacondemo-Info.plist */ = {isa = PBXFileReference; lastKnownFileType = text.plist.xml; path = "nrfbeacondemo-Info.plist"; sourceTree = "<group>"; };
		CC604B5D1868A6D50011A48D /* en */ = {isa = PBXFileReference; lastKnownFileType = text.plist.strings; name = en; path = en.lproj/InfoPlist.strings; sourceTree = "<group>"; };
		CC604B5F1868A6D50011A48D /* main.m */ = {isa = PBXFileReference; lastKnownFileType = sourcecode.c.objc; path = main.m; sourceTree = "<group>"; };
		CC604B611868A6D50011A48D /* nrfbeacondemo-Prefix.pch */ = {isa = PBXFileReference; lastKnownFileType = sourcecode.c.h; path = "nrfbeacondemo-Prefix.pch"; sourceTree = "<group>"; };
		CC604B621868A6D50011A48D /* AppDelegate.h */ = {isa = PBXFileReference; lastKnownFileType = sourcecode.c.h; path = AppDelegate.h; sourceTree = "<group>"; };
		CC604B631868A6D50011A48D /* AppDelegate.m */ = {isa = PBXFileReference; lastKnownFileType = sourcecode.c.objc; path = AppDelegate.m; sourceTree = "<group>"; };
		CC604B661868A6D50011A48D /* Base */ = {isa = PBXFileReference; lastKnownFileType = file.storyboard; name = Base; path = Base.lproj/Main.storyboard; sourceTree = "<group>"; };
		CC604B681868A6D50011A48D /* MapViewController.h */ = {isa = PBXFileReference; lastKnownFileType = sourcecode.c.h; path = MapViewController.h; sourceTree = "<group>"; };
		CC604B691868A6D50011A48D /* MapViewController.m */ = {isa = PBXFileReference; lastKnownFileType = sourcecode.c.objc; path = MapViewController.m; sourceTree = "<group>"; };
		CC604B6B1868A6D50011A48D /* Images.xcassets */ = {isa = PBXFileReference; lastKnownFileType = folder.assetcatalog; path = Images.xcassets; sourceTree = "<group>"; };
		CC604B711868A6D50011A48D /* nrfbeacondemoTests.xctest */ = {isa = PBXFileReference; explicitFileType = wrapper.cfbundle; includeInIndex = 0; path = nrfbeacondemoTests.xctest; sourceTree = BUILT_PRODUCTS_DIR; };
		CC604B721868A6D50011A48D /* XCTest.framework */ = {isa = PBXFileReference; lastKnownFileType = wrapper.framework; name = XCTest.framework; path = Library/Frameworks/XCTest.framework; sourceTree = DEVELOPER_DIR; };
		CC604B7A1868A6D50011A48D /* nrfbeacondemoTests-Info.plist */ = {isa = PBXFileReference; lastKnownFileType = text.plist.xml; path = "nrfbeacondemoTests-Info.plist"; sourceTree = "<group>"; };
		CC604B7C1868A6D50011A48D /* en */ = {isa = PBXFileReference; lastKnownFileType = text.plist.strings; name = en; path = en.lproj/InfoPlist.strings; sourceTree = "<group>"; };
		CC604B7E1868A6D50011A48D /* BeaconDemoTests.m */ = {isa = PBXFileReference; lastKnownFileType = sourcecode.c.objc; path = BeaconDemoTests.m; sourceTree = "<group>"; };
		CC604B881868B2490011A48D /* bell.mp3 */ = {isa = PBXFileReference; lastKnownFileType = audio.mp3; path = bell.mp3; sourceTree = "<group>"; };
		CC8B5E24187F68180063757E /* LastViewController.h */ = {isa = PBXFileReference; fileEncoding = 4; lastKnownFileType = sourcecode.c.h; path = LastViewController.h; sourceTree = "<group>"; };
		CC8B5E25187F68180063757E /* LastViewController.m */ = {isa = PBXFileReference; fileEncoding = 4; lastKnownFileType = sourcecode.c.objc; path = LastViewController.m; sourceTree = "<group>"; };
		CCA0BCAA187EF6BE0030A9F4 /* dimmed_view.png */ = {isa = PBXFileReference; lastKnownFileType = image.png; path = dimmed_view.png; sourceTree = "<group>"; };
		CCEAC7F3187B310800FCBEFB /* black_boots.jpg */ = {isa = PBXFileReference; lastKnownFileType = image.jpeg; path = black_boots.jpg; sourceTree = "<group>"; };
		CCEAC7F4187B310800FCBEFB /* green_boots.jpg */ = {isa = PBXFileReference; lastKnownFileType = image.jpeg; path = green_boots.jpg; sourceTree = "<group>"; };
		CCEAC7F9187B334700FCBEFB /* red_boots_2.jpg */ = {isa = PBXFileReference; lastKnownFileType = image.jpeg; path = red_boots_2.jpg; sourceTree = "<group>"; };
		CCFB3BE51876387100E07824 /* CustomerHelpViewController.h */ = {isa = PBXFileReference; fileEncoding = 4; lastKnownFileType = sourcecode.c.h; path = CustomerHelpViewController.h; sourceTree = "<group>"; };
		CCFB3BE61876387100E07824 /* CustomerHelpViewController.m */ = {isa = PBXFileReference; fileEncoding = 4; lastKnownFileType = sourcecode.c.objc; path = CustomerHelpViewController.m; sourceTree = "<group>"; };
		CCFB3BE8187638EE00E07824 /* TransferService.h */ = {isa = PBXFileReference; lastKnownFileType = sourcecode.c.h; path = TransferService.h; sourceTree = "<group>"; };
		CCFB3BE91876437200E07824 /* SalesAssociateHelpViewController.h */ = {isa = PBXFileReference; fileEncoding = 4; lastKnownFileType = sourcecode.c.h; path = SalesAssociateHelpViewController.h; sourceTree = "<group>"; };
		CCFB3BEA1876437200E07824 /* SalesAssociateHelpViewController.m */ = {isa = PBXFileReference; fileEncoding = 4; lastKnownFileType = sourcecode.c.objc; path = SalesAssociateHelpViewController.m; sourceTree = "<group>"; };
/* End PBXFileReference section */

/* Begin PBXFrameworksBuildPhase section */
		CC604B4D1868A6D50011A48D /* Frameworks */ = {
			isa = PBXFrameworksBuildPhase;
			buildActionMask = 2147483647;
			files = (
				CC604B561868A6D50011A48D /* CoreGraphics.framework in Frameworks */,
				CC604B581868A6D50011A48D /* UIKit.framework in Frameworks */,
				CC604B541868A6D50011A48D /* Foundation.framework in Frameworks */,
			);
			runOnlyForDeploymentPostprocessing = 0;
		};
		CC604B6E1868A6D50011A48D /* Frameworks */ = {
			isa = PBXFrameworksBuildPhase;
			buildActionMask = 2147483647;
			files = (
				CC604B731868A6D50011A48D /* XCTest.framework in Frameworks */,
				CC604B751868A6D50011A48D /* UIKit.framework in Frameworks */,
				CC604B741868A6D50011A48D /* Foundation.framework in Frameworks */,
			);
			runOnlyForDeploymentPostprocessing = 0;
		};
/* End PBXFrameworksBuildPhase section */

/* Begin PBXGroup section */
		8446F7231871F3860058BB85 /* Model */ = {
			isa = PBXGroup;
			children = (
				8446F7251871F8ED0058BB85 /* BeaconLayoutManager.h */,
				8446F7261871F8ED0058BB85 /* BeaconLayoutManager.m */,
				8446F72818721CBB0058BB85 /* DictionaryFactory.h */,
				8446F72918721CBB0058BB85 /* DictionaryFactory.m */,
			);
			path = Model;
			sourceTree = "<group>";
		};
		CC604B471868A6D50011A48D = {
			isa = PBXGroup;
			children = (
				CC604B591868A6D50011A48D /* BeaconDemo */,
				CC604B781868A6D50011A48D /* BeaconDemoTests */,
				CC604B521868A6D50011A48D /* Frameworks */,
				CC604B511868A6D50011A48D /* Products */,
			);
			sourceTree = "<group>";
		};
		CC604B511868A6D50011A48D /* Products */ = {
			isa = PBXGroup;
			children = (
				CC604B501868A6D50011A48D /* nrfbeacondemo.app */,
				CC604B711868A6D50011A48D /* nrfbeacondemoTests.xctest */,
			);
			name = Products;
			sourceTree = "<group>";
		};
		CC604B521868A6D50011A48D /* Frameworks */ = {
			isa = PBXGroup;
			children = (
				CC604B531868A6D50011A48D /* Foundation.framework */,
				CC604B551868A6D50011A48D /* CoreGraphics.framework */,
				CC604B571868A6D50011A48D /* UIKit.framework */,
				CC604B721868A6D50011A48D /* XCTest.framework */,
			);
			name = Frameworks;
			sourceTree = "<group>";
		};
		CC604B591868A6D50011A48D /* BeaconDemo */ = {
			isa = PBXGroup;
			children = (
				8446F7231871F3860058BB85 /* Model */,
				CC604B621868A6D50011A48D /* AppDelegate.h */,
				CC604B631868A6D50011A48D /* AppDelegate.m */,
				CC604B651868A6D50011A48D /* Main.storyboard */,
				CC489556187C8FD2005E2B72 /* FirstTimeRunViewController.h */,
				CC489557187C8FD2005E2B72 /* FirstTimeRunViewController.m */,
				CCFB3BE91876437200E07824 /* SalesAssociateHelpViewController.h */,
				CCFB3BEA1876437200E07824 /* SalesAssociateHelpViewController.m */,
				CCFB3BE51876387100E07824 /* CustomerHelpViewController.h */,
				CCFB3BE61876387100E07824 /* CustomerHelpViewController.m */,
				CCFB3BE8187638EE00E07824 /* TransferService.h */,
				CC0EC5B2186A049900DC77CB /* OptInViewController.h */,
				CC0EC5B3186A049900DC77CB /* OptInViewController.m */,
				84D4B599187F714A0044AE06 /* WishListViewController.h */,
				84D4B59A187F714A0044AE06 /* WishListViewController.m */,
				CC8B5E24187F68180063757E /* LastViewController.h */,
				CC8B5E25187F68180063757E /* LastViewController.m */,
				CC604B681868A6D50011A48D /* MapViewController.h */,
				CC604B691868A6D50011A48D /* MapViewController.m */,
				CC604B6B1868A6D50011A48D /* Images.xcassets */,
				CC604B5A1868A6D50011A48D /* Supporting Files */,
			);
			path = BeaconDemo;
			sourceTree = "<group>";
		};
		CC604B5A1868A6D50011A48D /* Supporting Files */ = {
			isa = PBXGroup;
			children = (
				84D4B59E187F742C0044AE06 /* booth.png */,
				8497E522187F2A9A003E50CD /* OpenSans-ExtraBold.ttf */,
				8497E523187F2A9A003E50CD /* OpenSans-Light.ttf */,
				CCA0BCAA187EF6BE0030A9F4 /* dimmed_view.png */,
				84E47DF5187B917B0043042F /* user-retina.png */,
				84E47DF6187B917B0043042F /* user.png */,
				CCEAC7F9187B334700FCBEFB /* red_boots_2.jpg */,
				CCEAC7F3187B310800FCBEFB /* black_boots.jpg */,
				CCEAC7F4187B310800FCBEFB /* green_boots.jpg */,
				CC604B881868B2490011A48D /* bell.mp3 */,
				CC604B5B1868A6D50011A48D /* nrfbeacondemo-Info.plist */,
				CC604B5C1868A6D50011A48D /* InfoPlist.strings */,
				CC604B5F1868A6D50011A48D /* main.m */,
				CC604B611868A6D50011A48D /* nrfbeacondemo-Prefix.pch */,
			);
			name = "Supporting Files";
			sourceTree = "<group>";
		};
		CC604B781868A6D50011A48D /* BeaconDemoTests */ = {
			isa = PBXGroup;
			children = (
				CC604B7E1868A6D50011A48D /* BeaconDemoTests.m */,
				CC604B791868A6D50011A48D /* Supporting Files */,
			);
			path = BeaconDemoTests;
			sourceTree = "<group>";
		};
		CC604B791868A6D50011A48D /* Supporting Files */ = {
			isa = PBXGroup;
			children = (
				CC604B7A1868A6D50011A48D /* nrfbeacondemoTests-Info.plist */,
				CC604B7B1868A6D50011A48D /* InfoPlist.strings */,
			);
			name = "Supporting Files";
			sourceTree = "<group>";
		};
/* End PBXGroup section */

/* Begin PBXNativeTarget section */
		CC604B4F1868A6D50011A48D /* nrfbeacondemo */ = {
			isa = PBXNativeTarget;
			buildConfigurationList = CC604B821868A6D50011A48D /* Build configuration list for PBXNativeTarget "nrfbeacondemo" */;
			buildPhases = (
				CC604B4C1868A6D50011A48D /* Sources */,
				CC604B4D1868A6D50011A48D /* Frameworks */,
				CC604B4E1868A6D50011A48D /* Resources */,
			);
			buildRules = (
			);
			dependencies = (
			);
			name = nrfbeacondemo;
			productName = BeaconDemo;
			productReference = CC604B501868A6D50011A48D /* nrfbeacondemo.app */;
			productType = "com.apple.product-type.application";
		};
		CC604B701868A6D50011A48D /* nrfbeacondemoTests */ = {
			isa = PBXNativeTarget;
			buildConfigurationList = CC604B851868A6D50011A48D /* Build configuration list for PBXNativeTarget "nrfbeacondemoTests" */;
			buildPhases = (
				CC604B6D1868A6D50011A48D /* Sources */,
				CC604B6E1868A6D50011A48D /* Frameworks */,
				CC604B6F1868A6D50011A48D /* Resources */,
			);
			buildRules = (
			);
			dependencies = (
				CC604B771868A6D50011A48D /* PBXTargetDependency */,
			);
			name = nrfbeacondemoTests;
			productName = BeaconDemoTests;
			productReference = CC604B711868A6D50011A48D /* nrfbeacondemoTests.xctest */;
			productType = "com.apple.product-type.bundle.unit-test";
		};
/* End PBXNativeTarget section */

/* Begin PBXProject section */
		CC604B481868A6D50011A48D /* Project object */ = {
			isa = PBXProject;
			attributes = {
				LastUpgradeCheck = 0500;
				ORGANIZATIONNAME = dteng;
				TargetAttributes = {
					CC604B4F1868A6D50011A48D = {
						DevelopmentTeam = 34S9JFQCYD;
					};
					CC604B701868A6D50011A48D = {
						TestTargetID = CC604B4F1868A6D50011A48D;
					};
				};
			};
			buildConfigurationList = CC604B4B1868A6D50011A48D /* Build configuration list for PBXProject "nrfbeacondemo" */;
			compatibilityVersion = "Xcode 3.2";
			developmentRegion = English;
			hasScannedForEncodings = 0;
			knownRegions = (
				en,
				Base,
			);
			mainGroup = CC604B471868A6D50011A48D;
			productRefGroup = CC604B511868A6D50011A48D /* Products */;
			projectDirPath = "";
			projectRoot = "";
			targets = (
				CC604B4F1868A6D50011A48D /* nrfbeacondemo */,
				CC604B701868A6D50011A48D /* nrfbeacondemoTests */,
			);
		};
/* End PBXProject section */

/* Begin PBXResourcesBuildPhase section */
		CC604B4E1868A6D50011A48D /* Resources */ = {
			isa = PBXResourcesBuildPhase;
			buildActionMask = 2147483647;
			files = (
				CCA0BCAB187EF6BE0030A9F4 /* dimmed_view.png in Resources */,
				8497E524187F2A9A003E50CD /* OpenSans-ExtraBold.ttf in Resources */,
				CC604B6C1868A6D50011A48D /* Images.xcassets in Resources */,
				84E47DF7187B917B0043042F /* user-retina.png in Resources */,
				84E47DF8187B917B0043042F /* user.png in Resources */,
				CCEAC7F6187B310800FCBEFB /* green_boots.jpg in Resources */,
				84D4B59F187F742C0044AE06 /* booth.png in Resources */,
				8497E525187F2A9A003E50CD /* OpenSans-Light.ttf in Resources */,
				CCEAC7FA187B334700FCBEFB /* red_boots_2.jpg in Resources */,
				CCEAC7F5187B310800FCBEFB /* black_boots.jpg in Resources */,
				CC604B5E1868A6D50011A48D /* InfoPlist.strings in Resources */,
				CC604B891868B2490011A48D /* bell.mp3 in Resources */,
				CC604B671868A6D50011A48D /* Main.storyboard in Resources */,
			);
			runOnlyForDeploymentPostprocessing = 0;
		};
		CC604B6F1868A6D50011A48D /* Resources */ = {
			isa = PBXResourcesBuildPhase;
			buildActionMask = 2147483647;
			files = (
				CC604B7D1868A6D50011A48D /* InfoPlist.strings in Resources */,
			);
			runOnlyForDeploymentPostprocessing = 0;
		};
/* End PBXResourcesBuildPhase section */

/* Begin PBXSourcesBuildPhase section */
		CC604B4C1868A6D50011A48D /* Sources */ = {
			isa = PBXSourcesBuildPhase;
			buildActionMask = 2147483647;
			files = (
				84D4B59B187F714A0044AE06 /* WishListViewController.m in Sources */,
				CCFB3BE71876387100E07824 /* CustomerHelpViewController.m in Sources */,
				8446F7271871F8ED0058BB85 /* BeaconLayoutManager.m in Sources */,
				CC604B6A1868A6D50011A48D /* MapViewController.m in Sources */,
				CC0EC5B4186A049900DC77CB /* OptInViewController.m in Sources */,
				CC604B641868A6D50011A48D /* AppDelegate.m in Sources */,
				CC489558187C8FD2005E2B72 /* FirstTimeRunViewController.m in Sources */,
				CCFB3BEB1876437200E07824 /* SalesAssociateHelpViewController.m in Sources */,
				8446F72A18721CBB0058BB85 /* DictionaryFactory.m in Sources */,
				CC8B5E26187F68180063757E /* LastViewController.m in Sources */,
				CC604B601868A6D50011A48D /* main.m in Sources */,
			);
			runOnlyForDeploymentPostprocessing = 0;
		};
		CC604B6D1868A6D50011A48D /* Sources */ = {
			isa = PBXSourcesBuildPhase;
			buildActionMask = 2147483647;
			files = (
				CC604B7F1868A6D50011A48D /* BeaconDemoTests.m in Sources */,
			);
			runOnlyForDeploymentPostprocessing = 0;
		};
/* End PBXSourcesBuildPhase section */

/* Begin PBXTargetDependency section */
		CC604B771868A6D50011A48D /* PBXTargetDependency */ = {
			isa = PBXTargetDependency;
			target = CC604B4F1868A6D50011A48D /* nrfbeacondemo */;
			targetProxy = CC604B761868A6D50011A48D /* PBXContainerItemProxy */;
		};
/* End PBXTargetDependency section */

/* Begin PBXVariantGroup section */
		CC604B5C1868A6D50011A48D /* InfoPlist.strings */ = {
			isa = PBXVariantGroup;
			children = (
				CC604B5D1868A6D50011A48D /* en */,
			);
			name = InfoPlist.strings;
			sourceTree = "<group>";
		};
		CC604B651868A6D50011A48D /* Main.storyboard */ = {
			isa = PBXVariantGroup;
			children = (
				CC604B661868A6D50011A48D /* Base */,
			);
			name = Main.storyboard;
			sourceTree = "<group>";
		};
		CC604B7B1868A6D50011A48D /* InfoPlist.strings */ = {
			isa = PBXVariantGroup;
			children = (
				CC604B7C1868A6D50011A48D /* en */,
			);
			name = InfoPlist.strings;
			sourceTree = "<group>";
		};
/* End PBXVariantGroup section */

/* Begin XCBuildConfiguration section */
		CC604B801868A6D50011A48D /* Debug */ = {
			isa = XCBuildConfiguration;
			buildSettings = {
				ALWAYS_SEARCH_USER_PATHS = NO;
				ARCHS = "$(ARCHS_STANDARD_INCLUDING_64_BIT)";
				CLANG_CXX_LANGUAGE_STANDARD = "gnu++0x";
				CLANG_CXX_LIBRARY = "libc++";
				CLANG_ENABLE_MODULES = YES;
				CLANG_ENABLE_OBJC_ARC = YES;
				CLANG_WARN_BOOL_CONVERSION = YES;
				CLANG_WARN_CONSTANT_CONVERSION = YES;
				CLANG_WARN_DIRECT_OBJC_ISA_USAGE = YES_ERROR;
				CLANG_WARN_EMPTY_BODY = YES;
				CLANG_WARN_ENUM_CONVERSION = YES;
				CLANG_WARN_INT_CONVERSION = YES;
				CLANG_WARN_OBJC_ROOT_CLASS = YES_ERROR;
				CLANG_WARN__DUPLICATE_METHOD_MATCH = YES;
				"CODE_SIGN_IDENTITY[sdk=iphoneos*]" = "iPhone Developer";
				COPY_PHASE_STRIP = NO;
				GCC_C_LANGUAGE_STANDARD = gnu99;
				GCC_DYNAMIC_NO_PIC = NO;
				GCC_OPTIMIZATION_LEVEL = 0;
				GCC_PREPROCESSOR_DEFINITIONS = (
					"DEBUG=1",
					"$(inherited)",
				);
				GCC_SYMBOLS_PRIVATE_EXTERN = NO;
				GCC_WARN_64_TO_32_BIT_CONVERSION = YES;
				GCC_WARN_ABOUT_RETURN_TYPE = YES_ERROR;
				GCC_WARN_UNDECLARED_SELECTOR = YES;
				GCC_WARN_UNINITIALIZED_AUTOS = YES;
				GCC_WARN_UNUSED_FUNCTION = YES;
				GCC_WARN_UNUSED_VARIABLE = YES;
				IPHONEOS_DEPLOYMENT_TARGET = 7.0;
				ONLY_ACTIVE_ARCH = YES;
				SDKROOT = iphoneos;
			};
			name = Debug;
		};
		CC604B811868A6D50011A48D /* Release */ = {
			isa = XCBuildConfiguration;
			buildSettings = {
				ALWAYS_SEARCH_USER_PATHS = NO;
				ARCHS = "$(ARCHS_STANDARD_INCLUDING_64_BIT)";
				CLANG_CXX_LANGUAGE_STANDARD = "gnu++0x";
				CLANG_CXX_LIBRARY = "libc++";
				CLANG_ENABLE_MODULES = YES;
				CLANG_ENABLE_OBJC_ARC = YES;
				CLANG_WARN_BOOL_CONVERSION = YES;
				CLANG_WARN_CONSTANT_CONVERSION = YES;
				CLANG_WARN_DIRECT_OBJC_ISA_USAGE = YES_ERROR;
				CLANG_WARN_EMPTY_BODY = YES;
				CLANG_WARN_ENUM_CONVERSION = YES;
				CLANG_WARN_INT_CONVERSION = YES;
				CLANG_WARN_OBJC_ROOT_CLASS = YES_ERROR;
				CLANG_WARN__DUPLICATE_METHOD_MATCH = YES;
				"CODE_SIGN_IDENTITY[sdk=iphoneos*]" = "iPhone Developer";
				COPY_PHASE_STRIP = YES;
				ENABLE_NS_ASSERTIONS = NO;
				GCC_C_LANGUAGE_STANDARD = gnu99;
				GCC_WARN_64_TO_32_BIT_CONVERSION = YES;
				GCC_WARN_ABOUT_RETURN_TYPE = YES_ERROR;
				GCC_WARN_UNDECLARED_SELECTOR = YES;
				GCC_WARN_UNINITIALIZED_AUTOS = YES;
				GCC_WARN_UNUSED_FUNCTION = YES;
				GCC_WARN_UNUSED_VARIABLE = YES;
				IPHONEOS_DEPLOYMENT_TARGET = 7.0;
				SDKROOT = iphoneos;
				VALIDATE_PRODUCT = YES;
			};
			name = Release;
		};
		CC604B831868A6D50011A48D /* Debug */ = {
			isa = XCBuildConfiguration;
			buildSettings = {
				ASSETCATALOG_COMPILER_APPICON_NAME = AppIcon;
				ASSETCATALOG_COMPILER_LAUNCHIMAGE_NAME = LaunchImage;
				CODE_SIGN_IDENTITY = "iPhone Developer";
				"CODE_SIGN_IDENTITY[sdk=iphoneos*]" = "iPhone Developer";
				GCC_PRECOMPILE_PREFIX_HEADER = YES;
				GCC_PREFIX_HEADER = "BeaconDemo/nrfbeacondemo-Prefix.pch";
				INFOPLIST_FILE = "BeaconDemo/nrfbeacondemo-Info.plist";
				IPHONEOS_DEPLOYMENT_TARGET = 7.0;
				PRODUCT_NAME = nrfbeacondemo;
				PROVISIONING_PROFILE = "";
				TARGETED_DEVICE_FAMILY = 1;
				WRAPPER_EXTENSION = app;
			};
			name = Debug;
		};
		CC604B841868A6D50011A48D /* Release */ = {
			isa = XCBuildConfiguration;
			buildSettings = {
				ASSETCATALOG_COMPILER_APPICON_NAME = AppIcon;
				ASSETCATALOG_COMPILER_LAUNCHIMAGE_NAME = LaunchImage;
				CODE_SIGN_IDENTITY = "iPhone Developer";
				"CODE_SIGN_IDENTITY[sdk=iphoneos*]" = "iPhone Developer";
				GCC_PRECOMPILE_PREFIX_HEADER = YES;
				GCC_PREFIX_HEADER = "BeaconDemo/nrfbeacondemo-Prefix.pch";
				INFOPLIST_FILE = "BeaconDemo/nrfbeacondemo-Info.plist";
				IPHONEOS_DEPLOYMENT_TARGET = 7.0;
				PRODUCT_NAME = nrfbeacondemo;
				PROVISIONING_PROFILE = "";
				TARGETED_DEVICE_FAMILY = 1;
				WRAPPER_EXTENSION = app;
			};
			name = Release;
		};
		CC604B861868A6D50011A48D /* Debug */ = {
			isa = XCBuildConfiguration;
			buildSettings = {
				ARCHS = "$(ARCHS_STANDARD_INCLUDING_64_BIT)";
				BUNDLE_LOADER = "$(BUILT_PRODUCTS_DIR)/BeaconDemo.app/BeaconDemo";
				FRAMEWORK_SEARCH_PATHS = (
					"$(SDKROOT)/Developer/Library/Frameworks",
					"$(inherited)",
					"$(DEVELOPER_FRAMEWORKS_DIR)",
				);
				GCC_PRECOMPILE_PREFIX_HEADER = YES;
				GCC_PREFIX_HEADER = "BeaconDemo/BeaconDemo-Prefix.pch";
				GCC_PREPROCESSOR_DEFINITIONS = (
					"DEBUG=1",
					"$(inherited)",
				);
				INFOPLIST_FILE = "BeaconDemoTests/nrfbeacondemoTests-Info.plist";
				PRODUCT_NAME = nrfbeacondemoTests;
				TEST_HOST = "$(BUNDLE_LOADER)";
				WRAPPER_EXTENSION = xctest;
			};
			name = Debug;
		};
		CC604B871868A6D50011A48D /* Release */ = {
			isa = XCBuildConfiguration;
			buildSettings = {
				ARCHS = "$(ARCHS_STANDARD_INCLUDING_64_BIT)";
				BUNDLE_LOADER = "$(BUILT_PRODUCTS_DIR)/BeaconDemo.app/BeaconDemo";
				FRAMEWORK_SEARCH_PATHS = (
					"$(SDKROOT)/Developer/Library/Frameworks",
					"$(inherited)",
					"$(DEVELOPER_FRAMEWORKS_DIR)",
				);
				GCC_PRECOMPILE_PREFIX_HEADER = YES;
				GCC_PREFIX_HEADER = "BeaconDemo/BeaconDemo-Prefix.pch";
				INFOPLIST_FILE = "BeaconDemoTests/nrfbeacondemoTests-Info.plist";
				PRODUCT_NAME = nrfbeacondemoTests;
				TEST_HOST = "$(BUNDLE_LOADER)";
				WRAPPER_EXTENSION = xctest;
			};
			name = Release;
		};
/* End XCBuildConfiguration section */

/* Begin XCConfigurationList section */
		CC604B4B1868A6D50011A48D /* Build configuration list for PBXProject "nrfbeacondemo" */ = {
			isa = XCConfigurationList;
			buildConfigurations = (
				CC604B801868A6D50011A48D /* Debug */,
				CC604B811868A6D50011A48D /* Release */,
			);
			defaultConfigurationIsVisible = 0;
			defaultConfigurationName = Release;
		};
		CC604B821868A6D50011A48D /* Build configuration list for PBXNativeTarget "nrfbeacondemo" */ = {
			isa = XCConfigurationList;
			buildConfigurations = (
				CC604B831868A6D50011A48D /* Debug */,
				CC604B841868A6D50011A48D /* Release */,
			);
			defaultConfigurationIsVisible = 0;
			defaultConfigurationName = Release;
		};
		CC604B851868A6D50011A48D /* Build configuration list for PBXNativeTarget "nrfbeacondemoTests" */ = {
			isa = XCConfigurationList;
			buildConfigurations = (
				CC604B861868A6D50011A48D /* Debug */,
				CC604B871868A6D50011A48D /* Release */,
			);
			defaultConfigurationIsVisible = 0;
			defaultConfigurationName = Release;
		};
/* End XCConfigurationList section */
	};
	rootObject = CC604B481868A6D50011A48D /* Project object */;
}
